// !$*UTF8*$!
{
	archiveVersion = 1;
	classes = {
	};
	objectVersion = 77;
	objects = {

/* Begin PBXBuildFile section */
		ED0B6D7E2DD78F4D00CCB2EC /* equirectangular-env.jpg in Copy Assets */ = {isa = PBXBuildFile; fileRef = ED0B6D702DD78F2F00CCB2EC /* equirectangular-env.jpg */; };
		ED0B6D7F2DD78F4D00CCB2EC /* equirectangular-env2.jpg in Copy Assets */ = {isa = PBXBuildFile; fileRef = ED0B6D712DD78F2F00CCB2EC /* equirectangular-env2.jpg */; };
		ED0B6D802DD78F4D00CCB2EC /* equirectangular-env3.jpg in Copy Assets */ = {isa = PBXBuildFile; fileRef = ED0B6D722DD78F2F00CCB2EC /* equirectangular-env3.jpg */; };
		ED0B6D812DD78F4D00CCB2EC /* equirectangular-env4.jpg in Copy Assets */ = {isa = PBXBuildFile; fileRef = ED0B6D732DD78F2F00CCB2EC /* equirectangular-env4.jpg */; };
		ED0B6D822DD78F4D00CCB2EC /* equirectangular-env5.jpg in Copy Assets */ = {isa = PBXBuildFile; fileRef = ED0B6D742DD78F2F00CCB2EC /* equirectangular-env5.jpg */; };
		ED0B6D832DD78F4D00CCB2EC /* equirectangular-env6.jpg in Copy Assets */ = {isa = PBXBuildFile; fileRef = ED0B6D752DD78F2F00CCB2EC /* equirectangular-env6.jpg */; };
		ED0B6D842DD78F4D00CCB2EC /* equirectangular-env7.jpg in Copy Assets */ = {isa = PBXBuildFile; fileRef = ED0B6D762DD78F2F00CCB2EC /* equirectangular-env7.jpg */; };
		ED59EBAC2DDDF49F00E5DFEF /* two_submeshes.obj in Copy Assets */ = {isa = PBXBuildFile; fileRef = ED7DE85E2CFCCEE600AB280D /* two_submeshes.obj */; };
		ED59EBAD2DDDF4A300E5DFEF /* two_submeshes_inner_albedo.jpg in Copy Assets */ = {isa = PBXBuildFile; fileRef = ED7DE85F2CFCCEE600AB280D /* two_submeshes_inner_albedo.jpg */; };
		ED59EBAE2DDDF4A500E5DFEF /* two_submeshes_outer_albedo.jpg in Copy Assets */ = {isa = PBXBuildFile; fileRef = ED7DE8642CFCCEE600AB280D /* two_submeshes_outer_albedo.jpg */; };
		ED7DE86B2CFCCF0600AB280D /* country_field_sun.jpg in Copy Assets */ = {isa = PBXBuildFile; fileRef = ED7DE8542CFCCEE600AB280D /* country_field_sun.jpg */; };
		EDC3FD4D2D00341600C3BE02 /* logo_2a.png in Copy Assets */ = {isa = PBXBuildFile; fileRef = EDC3FD4C2D00338400C3BE02 /* logo_2a.png */; };
		EDD77E532CEA60F800278155 /* main.cpp in Sources */ = {isa = PBXBuildFile; fileRef = EDD77E512CEA60F800278155 /* main.cpp */; };
		EDD77E612CEA64E600278155 /* CoreFoundation.framework in Frameworks */ = {isa = PBXBuildFile; fileRef = EDD77E602CEA64E600278155 /* CoreFoundation.framework */; };
/* End PBXBuildFile section */

/* Begin PBXCopyFilesBuildPhase section */
		ED0B6D682DD78E0B00CCB2EC /* Copy bg2e shaders */ = {
			isa = PBXCopyFilesBuildPhase;
			buildActionMask = 2147483647;
			dstPath = shaders;
			dstSubfolderSpec = 7;
			files = (
			);
			name = "Copy bg2e shaders";
			runOnlyForDeploymentPostprocessing = 0;
		};
		ED7DE86A2CFCCEF300AB280D /* Copy Assets */ = {
			isa = PBXCopyFilesBuildPhase;
			buildActionMask = 2147483647;
			dstPath = assets;
			dstSubfolderSpec = 7;
			files = (
				ED0B6D7E2DD78F4D00CCB2EC /* equirectangular-env.jpg in Copy Assets */,
				ED0B6D7F2DD78F4D00CCB2EC /* equirectangular-env2.jpg in Copy Assets */,
				ED0B6D802DD78F4D00CCB2EC /* equirectangular-env3.jpg in Copy Assets */,
				ED0B6D812DD78F4D00CCB2EC /* equirectangular-env4.jpg in Copy Assets */,
				ED0B6D822DD78F4D00CCB2EC /* equirectangular-env5.jpg in Copy Assets */,
				ED0B6D832DD78F4D00CCB2EC /* equirectangular-env6.jpg in Copy Assets */,
				ED0B6D842DD78F4D00CCB2EC /* equirectangular-env7.jpg in Copy Assets */,
				ED7DE86B2CFCCF0600AB280D /* country_field_sun.jpg in Copy Assets */,
				EDC3FD4D2D00341600C3BE02 /* logo_2a.png in Copy Assets */,
				ED59EBAC2DDDF49F00E5DFEF /* two_submeshes.obj in Copy Assets */,
				ED59EBAE2DDDF4A500E5DFEF /* two_submeshes_outer_albedo.jpg in Copy Assets */,
				ED59EBAD2DDDF4A300E5DFEF /* two_submeshes_inner_albedo.jpg in Copy Assets */,
			);
			name = "Copy Assets";
			runOnlyForDeploymentPostprocessing = 0;
		};
/* End PBXCopyFilesBuildPhase section */

/* Begin PBXFileReference section */
		ED0B6D702DD78F2F00CCB2EC /* equirectangular-env.jpg */ = {isa = PBXFileReference; lastKnownFileType = image.jpeg; path = "equirectangular-env.jpg"; sourceTree = "<group>"; };
		ED0B6D712DD78F2F00CCB2EC /* equirectangular-env2.jpg */ = {isa = PBXFileReference; lastKnownFileType = image.jpeg; path = "equirectangular-env2.jpg"; sourceTree = "<group>"; };
		ED0B6D722DD78F2F00CCB2EC /* equirectangular-env3.jpg */ = {isa = PBXFileReference; lastKnownFileType = image.jpeg; path = "equirectangular-env3.jpg"; sourceTree = "<group>"; };
		ED0B6D732DD78F2F00CCB2EC /* equirectangular-env4.jpg */ = {isa = PBXFileReference; lastKnownFileType = image.jpeg; path = "equirectangular-env4.jpg"; sourceTree = "<group>"; };
		ED0B6D742DD78F2F00CCB2EC /* equirectangular-env5.jpg */ = {isa = PBXFileReference; lastKnownFileType = image.jpeg; path = "equirectangular-env5.jpg"; sourceTree = "<group>"; };
		ED0B6D752DD78F2F00CCB2EC /* equirectangular-env6.jpg */ = {isa = PBXFileReference; lastKnownFileType = image.jpeg; path = "equirectangular-env6.jpg"; sourceTree = "<group>"; };
		ED0B6D762DD78F2F00CCB2EC /* equirectangular-env7.jpg */ = {isa = PBXFileReference; lastKnownFileType = image.jpeg; path = "equirectangular-env7.jpg"; sourceTree = "<group>"; };
		ED7DE8542CFCCEE600AB280D /* country_field_sun.jpg */ = {isa = PBXFileReference; lastKnownFileType = image.jpeg; path = country_field_sun.jpg; sourceTree = "<group>"; };
		ED7DE8552CFCCEE600AB280D /* simple_cube.mtl */ = {isa = PBXFileReference; lastKnownFileType = text; path = simple_cube.mtl; sourceTree = "<group>"; };
		ED7DE8562CFCCEE600AB280D /* simple_cube.obj */ = {isa = PBXFileReference; lastKnownFileType = text; path = simple_cube.obj; sourceTree = "<group>"; };
		ED7DE8572CFCCEE600AB280D /* taza.mtl */ = {isa = PBXFileReference; lastKnownFileType = text; path = taza.mtl; sourceTree = "<group>"; };
		ED7DE8582CFCCEE600AB280D /* taza.obj */ = {isa = PBXFileReference; lastKnownFileType = text; path = taza.obj; sourceTree = "<group>"; };
		ED7DE8592CFCCEE600AB280D /* taza_albedo.png */ = {isa = PBXFileReference; lastKnownFileType = image.png; path = taza_albedo.png; sourceTree = "<group>"; };
		ED7DE85A2CFCCEE600AB280D /* taza_metallic.png */ = {isa = PBXFileReference; lastKnownFileType = image.png; path = taza_metallic.png; sourceTree = "<group>"; };
		ED7DE85B2CFCCEE600AB280D /* taza_normal.png */ = {isa = PBXFileReference; lastKnownFileType = image.png; path = taza_normal.png; sourceTree = "<group>"; };
		ED7DE85C2CFCCEE600AB280D /* taza_roughness.png */ = {isa = PBXFileReference; lastKnownFileType = image.png; path = taza_roughness.png; sourceTree = "<group>"; };
		ED7DE85D2CFCCEE600AB280D /* two_submeshes.mtl */ = {isa = PBXFileReference; lastKnownFileType = text; path = two_submeshes.mtl; sourceTree = "<group>"; };
		ED7DE85E2CFCCEE600AB280D /* two_submeshes.obj */ = {isa = PBXFileReference; lastKnownFileType = text; path = two_submeshes.obj; sourceTree = "<group>"; };
		ED7DE85F2CFCCEE600AB280D /* two_submeshes_inner_albedo.jpg */ = {isa = PBXFileReference; lastKnownFileType = image.jpeg; path = two_submeshes_inner_albedo.jpg; sourceTree = "<group>"; };
		ED7DE8602CFCCEE600AB280D /* two_submeshes_inner_ao.jpg */ = {isa = PBXFileReference; lastKnownFileType = image.jpeg; path = two_submeshes_inner_ao.jpg; sourceTree = "<group>"; };
		ED7DE8612CFCCEE600AB280D /* two_submeshes_inner_metallic.jpg */ = {isa = PBXFileReference; lastKnownFileType = image.jpeg; path = two_submeshes_inner_metallic.jpg; sourceTree = "<group>"; };
		ED7DE8622CFCCEE600AB280D /* two_submeshes_inner_normal.jpg */ = {isa = PBXFileReference; lastKnownFileType = image.jpeg; path = two_submeshes_inner_normal.jpg; sourceTree = "<group>"; };
		ED7DE8632CFCCEE600AB280D /* two_submeshes_inner_roughness.jpg */ = {isa = PBXFileReference; lastKnownFileType = image.jpeg; path = two_submeshes_inner_roughness.jpg; sourceTree = "<group>"; };
		ED7DE8642CFCCEE600AB280D /* two_submeshes_outer_albedo.jpg */ = {isa = PBXFileReference; lastKnownFileType = image.jpeg; path = two_submeshes_outer_albedo.jpg; sourceTree = "<group>"; };
		ED7DE8652CFCCEE600AB280D /* two_submeshes_outer_ao.jpg */ = {isa = PBXFileReference; lastKnownFileType = image.jpeg; path = two_submeshes_outer_ao.jpg; sourceTree = "<group>"; };
		ED7DE8662CFCCEE600AB280D /* two_submeshes_outer_metallic.jpg */ = {isa = PBXFileReference; lastKnownFileType = image.jpeg; path = two_submeshes_outer_metallic.jpg; sourceTree = "<group>"; };
		ED7DE8672CFCCEE600AB280D /* two_submeshes_outer_normal.jpg */ = {isa = PBXFileReference; lastKnownFileType = image.jpeg; path = two_submeshes_outer_normal.jpg; sourceTree = "<group>"; };
		ED7DE8682CFCCEE600AB280D /* two_submeshes_outer_roughness.jpg */ = {isa = PBXFileReference; lastKnownFileType = image.jpeg; path = two_submeshes_outer_roughness.jpg; sourceTree = "<group>"; };
		EDC3FD4C2D00338400C3BE02 /* logo_2a.png */ = {isa = PBXFileReference; lastKnownFileType = image.png; path = logo_2a.png; sourceTree = "<group>"; };
		EDD77E3D2CEA600200278155 /* scene_renderer_raw.app */ = {isa = PBXFileReference; explicitFileType = wrapper.application; includeInIndex = 0; path = scene_renderer_raw.app; sourceTree = BUILT_PRODUCTS_DIR; };
		EDD77E512CEA60F800278155 /* main.cpp */ = {isa = PBXFileReference; lastKnownFileType = sourcecode.cpp.cpp; path = main.cpp; sourceTree = "<group>"; };
		EDD77E552CEA61BD00278155 /* Setup.entitlements */ = {isa = PBXFileReference; lastKnownFileType = text.plist.entitlements; path = Setup.entitlements; sourceTree = "<group>"; };
		EDD77E602CEA64E600278155 /* CoreFoundation.framework */ = {isa = PBXFileReference; lastKnownFileType = wrapper.framework; name = CoreFoundation.framework; path = System/Library/Frameworks/CoreFoundation.framework; sourceTree = SDKROOT; };
		EDD77E772CEA7E9D00278155 /* texture_gi.frag.glsl */ = {isa = PBXFileReference; lastKnownFileType = text; path = texture_gi.frag.glsl; sourceTree = "<group>"; };
		EDD77E782CEA7E9D00278155 /* texture_gi.vert.glsl */ = {isa = PBXFileReference; lastKnownFileType = text; path = texture_gi.vert.glsl; sourceTree = "<group>"; };
/* End PBXFileReference section */

/* Begin PBXFileSystemSynchronizedBuildFileExceptionSet section */
		ED839FC22DF5DBC1003F4F14 /* Exceptions for "bin" folder in "scene_renderer_raw" target */ = {
			isa = PBXFileSystemSynchronizedBuildFileExceptionSet;
			membershipExceptions = (
				"Release/libbg2e-native.a",
			);
			target = EDD77E3C2CEA600200278155 /* scene_renderer_raw */;
		};
/* End PBXFileSystemSynchronizedBuildFileExceptionSet section */

/* Begin PBXFileSystemSynchronizedGroupBuildPhaseMembershipExceptionSet section */
		ED5A58F22DF484590078BB45 /* Exceptions for "spv" folder in "Copy bg2e shaders" phase from "scene_renderer_raw" target */ = {
			isa = PBXFileSystemSynchronizedGroupBuildPhaseMembershipExceptionSet;
			buildPhase = ED0B6D682DD78E0B00CCB2EC /* Copy bg2e shaders */;
			membershipExceptions = (
				basic_forward.frag.spv,
				basic_forward.vert.spv,
				color_correction.comp.spv,
				cubemap_renderer.vert.spv,
				irradiance_map_renderer.frag.spv,
				skybox_renderer.frag.spv,
				skybox_renderer.vert.spv,
				specular_reflection_renderer.frag.spv,
				sphere_to_cubemap.frag.spv,
				sphere_to_cubemap.vert.spv,
			);
		};
/* End PBXFileSystemSynchronizedGroupBuildPhaseMembershipExceptionSet section */

/* Begin PBXFileSystemSynchronizedRootGroup section */
		ED5A58E72DF4844F0078BB45 /* spv */ = {
			isa = PBXFileSystemSynchronizedRootGroup;
			exceptions = (
				ED5A58F22DF484590078BB45 /* Exceptions for "spv" folder in "Copy bg2e shaders" phase from "scene_renderer_raw" target */,
			);
			name = spv;
			path = "/Users/fernando/desarrollo/bg2e-native/shaders/spv";
			sourceTree = "<absolute>";
		};
		ED76E26E2DF5CF6E00D93ACF /* bin */ = {
			isa = PBXFileSystemSynchronizedRootGroup;
			exceptions = (
				ED839FC22DF5DBC1003F4F14 /* Exceptions for "bin" folder in "scene_renderer_raw" target */,
			);
			name = bin;
			path = ../../bin;
			sourceTree = SOURCE_ROOT;
		};
/* End PBXFileSystemSynchronizedRootGroup section */

/* Begin PBXFrameworksBuildPhase section */
		EDD77E3A2CEA600200278155 /* Frameworks */ = {
			isa = PBXFrameworksBuildPhase;
			buildActionMask = 2147483647;
			files = (
				EDD77E612CEA64E600278155 /* CoreFoundation.framework in Frameworks */,
			);
			runOnlyForDeploymentPostprocessing = 0;
		};
/* End PBXFrameworksBuildPhase section */

/* Begin PBXGroup section */
		ED7DE8692CFCCEE600AB280D /* assets */ = {
			isa = PBXGroup;
			children = (
				ED0B6D702DD78F2F00CCB2EC /* equirectangular-env.jpg */,
				ED0B6D712DD78F2F00CCB2EC /* equirectangular-env2.jpg */,
				ED0B6D722DD78F2F00CCB2EC /* equirectangular-env3.jpg */,
				ED0B6D732DD78F2F00CCB2EC /* equirectangular-env4.jpg */,
				ED0B6D742DD78F2F00CCB2EC /* equirectangular-env5.jpg */,
				ED0B6D752DD78F2F00CCB2EC /* equirectangular-env6.jpg */,
				ED0B6D762DD78F2F00CCB2EC /* equirectangular-env7.jpg */,
				EDC3FD4C2D00338400C3BE02 /* logo_2a.png */,
				ED7DE8542CFCCEE600AB280D /* country_field_sun.jpg */,
				ED7DE8552CFCCEE600AB280D /* simple_cube.mtl */,
				ED7DE8562CFCCEE600AB280D /* simple_cube.obj */,
				ED7DE8572CFCCEE600AB280D /* taza.mtl */,
				ED7DE8582CFCCEE600AB280D /* taza.obj */,
				ED7DE8592CFCCEE600AB280D /* taza_albedo.png */,
				ED7DE85A2CFCCEE600AB280D /* taza_metallic.png */,
				ED7DE85B2CFCCEE600AB280D /* taza_normal.png */,
				ED7DE85C2CFCCEE600AB280D /* taza_roughness.png */,
				ED7DE85D2CFCCEE600AB280D /* two_submeshes.mtl */,
				ED7DE85E2CFCCEE600AB280D /* two_submeshes.obj */,
				ED7DE85F2CFCCEE600AB280D /* two_submeshes_inner_albedo.jpg */,
				ED7DE8602CFCCEE600AB280D /* two_submeshes_inner_ao.jpg */,
				ED7DE8612CFCCEE600AB280D /* two_submeshes_inner_metallic.jpg */,
				ED7DE8622CFCCEE600AB280D /* two_submeshes_inner_normal.jpg */,
				ED7DE8632CFCCEE600AB280D /* two_submeshes_inner_roughness.jpg */,
				ED7DE8642CFCCEE600AB280D /* two_submeshes_outer_albedo.jpg */,
				ED7DE8652CFCCEE600AB280D /* two_submeshes_outer_ao.jpg */,
				ED7DE8662CFCCEE600AB280D /* two_submeshes_outer_metallic.jpg */,
				ED7DE8672CFCCEE600AB280D /* two_submeshes_outer_normal.jpg */,
				ED7DE8682CFCCEE600AB280D /* two_submeshes_outer_roughness.jpg */,
			);
			name = assets;
			path = "/Users/fernando/desarrollo/bg2e-native/assets";
			sourceTree = "<absolute>";
		};
		EDD77E342CEA600200278155 = {
			isa = PBXGroup;
			children = (
				ED7DE8692CFCCEE600AB280D /* assets */,
				EDD77E562CEA61BD00278155 /* Xcode Resources */,
				EDD77E3E2CEA600200278155 /* Products */,
				EDD77E522CEA60F800278155 /* src */,
				EDD77E5E2CEA64D800278155 /* Frameworks */,
				EDD77E742CEA683600278155 /* shaders */,
				ED5A58E72DF4844F0078BB45 /* spv */,
				ED76E26E2DF5CF6E00D93ACF /* bin */,
			);
			sourceTree = "<group>";
		};
		EDD77E3E2CEA600200278155 /* Products */ = {
			isa = PBXGroup;
			children = (
				EDD77E3D2CEA600200278155 /* scene_renderer_raw.app */,
			);
			name = Products;
			sourceTree = "<group>";
		};
		EDD77E522CEA60F800278155 /* src */ = {
			isa = PBXGroup;
			children = (
				EDD77E512CEA60F800278155 /* main.cpp */,
			);
			path = src;
			sourceTree = "<group>";
		};
		EDD77E562CEA61BD00278155 /* Xcode Resources */ = {
			isa = PBXGroup;
			children = (
				EDD77E552CEA61BD00278155 /* Setup.entitlements */,
			);
			path = "Xcode Resources";
			sourceTree = "<group>";
		};
		EDD77E5E2CEA64D800278155 /* Frameworks */ = {
			isa = PBXGroup;
			children = (
				EDD77E602CEA64E600278155 /* CoreFoundation.framework */,
			);
			name = Frameworks;
			sourceTree = "<group>";
		};
		EDD77E742CEA683600278155 /* shaders */ = {
			isa = PBXGroup;
			children = (
				EDD77E792CEA7E9D00278155 /* src */,
			);
			path = shaders;
			sourceTree = "<group>";
		};
		EDD77E792CEA7E9D00278155 /* src */ = {
			isa = PBXGroup;
			children = (
				EDD77E772CEA7E9D00278155 /* texture_gi.frag.glsl */,
				EDD77E782CEA7E9D00278155 /* texture_gi.vert.glsl */,
			);
			path = src;
			sourceTree = "<group>";
		};
/* End PBXGroup section */

/* Begin PBXNativeTarget section */
		EDD77E3C2CEA600200278155 /* scene_renderer_raw */ = {
			isa = PBXNativeTarget;
			buildConfigurationList = EDD77E4D2CEA600300278155 /* Build configuration list for PBXNativeTarget "scene_renderer_raw" */;
			buildPhases = (
				EDD77E392CEA600200278155 /* Sources */,
				EDD77E3A2CEA600200278155 /* Frameworks */,
				EDD77E3B2CEA600200278155 /* Resources */,
				EDD77E712CEA67F300278155 /* Compile shaders */,
				ED7DE86A2CFCCEF300AB280D /* Copy Assets */,
				ED0B6D682DD78E0B00CCB2EC /* Copy bg2e shaders */,
				ED76E2712DF5CFF000D93ACF /* Package Vulkan Resources */,
			);
			buildRules = (
			);
			dependencies = (
			);
			name = scene_renderer_raw;
			packageProductDependencies = (
			);
			productName = Setup;
			productReference = EDD77E3D2CEA600200278155 /* scene_renderer_raw.app */;
			productType = "com.apple.product-type.application";
		};
/* End PBXNativeTarget section */

/* Begin PBXProject section */
		EDD77E352CEA600200278155 /* Project object */ = {
			isa = PBXProject;
			attributes = {
				BuildIndependentTargetsInParallel = 1;
				LastUpgradeCheck = 1610;
				TargetAttributes = {
					EDD77E3C2CEA600200278155 = {
						CreatedOnToolsVersion = 16.1;
					};
				};
			};
			buildConfigurationList = EDD77E382CEA600200278155 /* Build configuration list for PBXProject "scene_renderer_raw" */;
			developmentRegion = en;
			hasScannedForEncodings = 0;
			knownRegions = (
				en,
				Base,
			);
			mainGroup = EDD77E342CEA600200278155;
			minimizedProjectReferenceProxies = 1;
			preferredProjectObjectVersion = 77;
			productRefGroup = EDD77E3E2CEA600200278155 /* Products */;
			projectDirPath = "";
			projectRoot = "";
			targets = (
				EDD77E3C2CEA600200278155 /* scene_renderer_raw */,
			);
		};
/* End PBXProject section */

/* Begin PBXResourcesBuildPhase section */
		EDD77E3B2CEA600200278155 /* Resources */ = {
			isa = PBXResourcesBuildPhase;
			buildActionMask = 2147483647;
			files = (
			);
			runOnlyForDeploymentPostprocessing = 0;
		};
/* End PBXResourcesBuildPhase section */

/* Begin PBXShellScriptBuildPhase section */
		ED76E2712DF5CFF000D93ACF /* Package Vulkan Resources */ = {
			isa = PBXShellScriptBuildPhase;
			buildActionMask = 2147483647;
			files = (
			);
			inputFileListPaths = (
			);
			inputPaths = (
			);
			name = "Package Vulkan Resources";
			outputFileListPaths = (
			);
			outputPaths = (
			);
			runOnlyForDeploymentPostprocessing = 0;
			shellPath = /bin/sh;
			shellScript = "APP_BUNDLE=${BUILT_PRODUCTS_DIR}/${PRODUCT_NAME}.app\n\"${PROJECT_DIR}/../../scripts/package_vulkan_resources.sh\" \"${APP_BUNDLE}\" ${CODE_SIGN_IDENTITY}\n";
		};
		EDD77E712CEA67F300278155 /* Compile shaders */ = {
			isa = PBXShellScriptBuildPhase;
			alwaysOutOfDate = 1;
			buildActionMask = 2147483647;
			files = (
			);
			inputFileListPaths = (
			);
			inputPaths = (
			);
			name = "Compile shaders";
			outputFileListPaths = (
			);
			outputPaths = (
			);
			runOnlyForDeploymentPostprocessing = 0;
			shellPath = /bin/sh;
			shellScript = "INPUT_DIR=${PROJECT_DIR}/shaders/src\nOUTPUT_DIR=${BUILT_PRODUCTS_DIR}/${UNLOCALIZED_RESOURCES_FOLDER_PATH}/shaders/test\n\n\"${PROJECT_DIR}/../../shaders/build.sh\" \"${INPUT_DIR}\" \"${OUTPUT_DIR}\"\n";
			showEnvVarsInLog = 0;
		};
/* End PBXShellScriptBuildPhase section */

/* Begin PBXSourcesBuildPhase section */
		EDD77E392CEA600200278155 /* Sources */ = {
			isa = PBXSourcesBuildPhase;
			buildActionMask = 2147483647;
			files = (
				EDD77E532CEA60F800278155 /* main.cpp in Sources */,
			);
			runOnlyForDeploymentPostprocessing = 0;
		};
/* End PBXSourcesBuildPhase section */

/* Begin XCBuildConfiguration section */
		EDD77E4B2CEA600300278155 /* Debug */ = {
			isa = XCBuildConfiguration;
			buildSettings = {
				ALWAYS_SEARCH_USER_PATHS = NO;
				ASSETCATALOG_COMPILER_GENERATE_SWIFT_ASSET_SYMBOL_EXTENSIONS = YES;
				CLANG_ANALYZER_NONNULL = YES;
				CLANG_ANALYZER_NUMBER_OBJECT_CONVERSION = YES_AGGRESSIVE;
				CLANG_CXX_LANGUAGE_STANDARD = "gnu++20";
				CLANG_ENABLE_MODULES = YES;
				CLANG_ENABLE_OBJC_ARC = YES;
				CLANG_ENABLE_OBJC_WEAK = YES;
				CLANG_WARN_BLOCK_CAPTURE_AUTORELEASING = YES;
				CLANG_WARN_BOOL_CONVERSION = YES;
				CLANG_WARN_COMMA = YES;
				CLANG_WARN_CONSTANT_CONVERSION = YES;
				CLANG_WARN_DEPRECATED_OBJC_IMPLEMENTATIONS = YES;
				CLANG_WARN_DIRECT_OBJC_ISA_USAGE = YES_ERROR;
				CLANG_WARN_DOCUMENTATION_COMMENTS = YES;
				CLANG_WARN_EMPTY_BODY = YES;
				CLANG_WARN_ENUM_CONVERSION = YES;
				CLANG_WARN_INFINITE_RECURSION = YES;
				CLANG_WARN_INT_CONVERSION = YES;
				CLANG_WARN_NON_LITERAL_NULL_CONVERSION = YES;
				CLANG_WARN_OBJC_IMPLICIT_RETAIN_SELF = YES;
				CLANG_WARN_OBJC_LITERAL_CONVERSION = YES;
				CLANG_WARN_OBJC_ROOT_CLASS = YES_ERROR;
				CLANG_WARN_QUOTED_INCLUDE_IN_FRAMEWORK_HEADER = YES;
				CLANG_WARN_RANGE_LOOP_ANALYSIS = YES;
				CLANG_WARN_STRICT_PROTOTYPES = YES;
				CLANG_WARN_SUSPICIOUS_MOVE = YES;
				CLANG_WARN_UNGUARDED_AVAILABILITY = YES_AGGRESSIVE;
				CLANG_WARN_UNREACHABLE_CODE = YES;
				CLANG_WARN__DUPLICATE_METHOD_MATCH = YES;
				COPY_PHASE_STRIP = NO;
				DEBUG_INFORMATION_FORMAT = dwarf;
				ENABLE_STRICT_OBJC_MSGSEND = YES;
				ENABLE_TESTABILITY = YES;
				ENABLE_USER_SCRIPT_SANDBOXING = YES;
				GCC_C_LANGUAGE_STANDARD = gnu17;
				GCC_DYNAMIC_NO_PIC = NO;
				GCC_NO_COMMON_BLOCKS = YES;
				GCC_OPTIMIZATION_LEVEL = 0;
				GCC_PREPROCESSOR_DEFINITIONS = (
					"DEBUG=1",
					"$(inherited)",
				);
				GCC_WARN_64_TO_32_BIT_CONVERSION = YES;
				GCC_WARN_ABOUT_RETURN_TYPE = YES_ERROR;
				GCC_WARN_UNDECLARED_SELECTOR = YES;
				GCC_WARN_UNINITIALIZED_AUTOS = YES_AGGRESSIVE;
				GCC_WARN_UNUSED_FUNCTION = YES;
				GCC_WARN_UNUSED_VARIABLE = YES;
				HEADER_SEARCH_PATHS = (
					"$(PROJECT_DIR)/../../include",
					"$(VULKAN_SDK)/include/**",
				);
				LIBRARY_SEARCH_PATHS = (
					"$(PROJECT_DIR)/../../bin/Release",
					"$(VULKAN_SDK)/lib/**",
				);
				LOCALIZATION_PREFERS_STRING_CATALOGS = YES;
				MACOSX_DEPLOYMENT_TARGET = 15.1;
				MTL_ENABLE_DEBUG_INFO = INCLUDE_SOURCE;
				MTL_FAST_MATH = YES;
				ONLY_ACTIVE_ARCH = YES;
				SDKROOT = macosx;
				VULKAN_LIB_VERSION = 1.4.313;
				VULKAN_SDK = "$(HOME)/VulkanSDK/1.4.313.1/macOS";
			};
			name = Debug;
		};
		EDD77E4C2CEA600300278155 /* Release */ = {
			isa = XCBuildConfiguration;
			buildSettings = {
				ALWAYS_SEARCH_USER_PATHS = NO;
				ASSETCATALOG_COMPILER_GENERATE_SWIFT_ASSET_SYMBOL_EXTENSIONS = YES;
				CLANG_ANALYZER_NONNULL = YES;
				CLANG_ANALYZER_NUMBER_OBJECT_CONVERSION = YES_AGGRESSIVE;
				CLANG_CXX_LANGUAGE_STANDARD = "gnu++20";
				CLANG_ENABLE_MODULES = YES;
				CLANG_ENABLE_OBJC_ARC = YES;
				CLANG_ENABLE_OBJC_WEAK = YES;
				CLANG_WARN_BLOCK_CAPTURE_AUTORELEASING = YES;
				CLANG_WARN_BOOL_CONVERSION = YES;
				CLANG_WARN_COMMA = YES;
				CLANG_WARN_CONSTANT_CONVERSION = YES;
				CLANG_WARN_DEPRECATED_OBJC_IMPLEMENTATIONS = YES;
				CLANG_WARN_DIRECT_OBJC_ISA_USAGE = YES_ERROR;
				CLANG_WARN_DOCUMENTATION_COMMENTS = YES;
				CLANG_WARN_EMPTY_BODY = YES;
				CLANG_WARN_ENUM_CONVERSION = YES;
				CLANG_WARN_INFINITE_RECURSION = YES;
				CLANG_WARN_INT_CONVERSION = YES;
				CLANG_WARN_NON_LITERAL_NULL_CONVERSION = YES;
				CLANG_WARN_OBJC_IMPLICIT_RETAIN_SELF = YES;
				CLANG_WARN_OBJC_LITERAL_CONVERSION = YES;
				CLANG_WARN_OBJC_ROOT_CLASS = YES_ERROR;
				CLANG_WARN_QUOTED_INCLUDE_IN_FRAMEWORK_HEADER = YES;
				CLANG_WARN_RANGE_LOOP_ANALYSIS = YES;
				CLANG_WARN_STRICT_PROTOTYPES = YES;
				CLANG_WARN_SUSPICIOUS_MOVE = YES;
				CLANG_WARN_UNGUARDED_AVAILABILITY = YES_AGGRESSIVE;
				CLANG_WARN_UNREACHABLE_CODE = YES;
				CLANG_WARN__DUPLICATE_METHOD_MATCH = YES;
				COPY_PHASE_STRIP = NO;
				DEBUG_INFORMATION_FORMAT = "dwarf-with-dsym";
				ENABLE_NS_ASSERTIONS = NO;
				ENABLE_STRICT_OBJC_MSGSEND = YES;
				ENABLE_USER_SCRIPT_SANDBOXING = YES;
				GCC_C_LANGUAGE_STANDARD = gnu17;
				GCC_NO_COMMON_BLOCKS = YES;
				GCC_WARN_64_TO_32_BIT_CONVERSION = YES;
				GCC_WARN_ABOUT_RETURN_TYPE = YES_ERROR;
				GCC_WARN_UNDECLARED_SELECTOR = YES;
				GCC_WARN_UNINITIALIZED_AUTOS = YES_AGGRESSIVE;
				GCC_WARN_UNUSED_FUNCTION = YES;
				GCC_WARN_UNUSED_VARIABLE = YES;
				HEADER_SEARCH_PATHS = (
					"$(PROJECT_DIR)/../../include",
					"$(VULKAN_SDK)/include/**",
				);
				LIBRARY_SEARCH_PATHS = (
					"$(PROJECT_DIR)/../../bin/Release",
					"$(VULKAN_SDK)/lib/**",
				);
				LOCALIZATION_PREFERS_STRING_CATALOGS = YES;
				MACOSX_DEPLOYMENT_TARGET = 15.1;
				MTL_ENABLE_DEBUG_INFO = NO;
				MTL_FAST_MATH = YES;
				SDKROOT = macosx;
				VULKAN_LIB_VERSION = 1.4.313;
				VULKAN_SDK = "$(HOME)/VulkanSDK/1.4.313.1/macOS";
			};
			name = Release;
		};
		EDD77E4E2CEA600300278155 /* Debug */ = {
			isa = XCBuildConfiguration;
			buildSettings = {
				ASSETCATALOG_COMPILER_APPICON_NAME = AppIcon;
				ASSETCATALOG_COMPILER_GLOBAL_ACCENT_COLOR_NAME = AccentColor;
				CODE_SIGN_ENTITLEMENTS = "Xcode Resources/Setup.entitlements";
				CODE_SIGN_STYLE = Automatic;
				COMBINE_HIDPI_IMAGES = YES;
				CURRENT_PROJECT_VERSION = 1;
				DEVELOPMENT_TEAM = RP926KEE5K;
				ENABLE_HARDENED_RUNTIME = YES;
				ENABLE_USER_SCRIPT_SANDBOXING = NO;
				GENERATE_INFOPLIST_FILE = YES;
				HEADER_SEARCH_PATHS = (
					"$(VULKAN_SDK)/include/**",
					"$(PROJECT_DIR)/../../include",
				);
				INFOPLIST_KEY_NSHumanReadableCopyright = "";
				INFOPLIST_KEY_NSMainNibFile = MainMenu;
				INFOPLIST_KEY_NSPrincipalClass = NSApplication;
				LD_RUNPATH_SEARCH_PATHS = (
					"$(inherited)",
					"@executable_path/../Frameworks",
				);
				LIBRARY_SEARCH_PATHS = (
					"$(PROJECT_DIR)/../../bin/Release",
					"$(VULKAN_SDK)/lib",
				);
				MARKETING_VERSION = 1.0;
				OTHER_LDFLAGS = (
					"-lSDL2-2.0.0",
					"-lvulkan.$(VULKAN_LIB_VERSION)",
				);
				PRODUCT_BUNDLE_IDENTIFIER = "com.bg2engine.bg2e.example-app.Setup";
				PRODUCT_NAME = "$(TARGET_NAME)";
				SWIFT_EMIT_LOC_STRINGS = YES;
				VULKAN_SDK = "$(HOME)/VulkanSDK/1.4.313.1/macOS";
			};
			name = Debug;
		};
		EDD77E4F2CEA600300278155 /* Release */ = {
			isa = XCBuildConfiguration;
			buildSettings = {
				ASSETCATALOG_COMPILER_APPICON_NAME = AppIcon;
				ASSETCATALOG_COMPILER_GLOBAL_ACCENT_COLOR_NAME = AccentColor;
				CODE_SIGN_ENTITLEMENTS = "Xcode Resources/Setup.entitlements";
				CODE_SIGN_STYLE = Automatic;
				COMBINE_HIDPI_IMAGES = YES;
				CURRENT_PROJECT_VERSION = 1;
				DEVELOPMENT_TEAM = RP926KEE5K;
				ENABLE_HARDENED_RUNTIME = YES;
				ENABLE_USER_SCRIPT_SANDBOXING = NO;
				GENERATE_INFOPLIST_FILE = YES;
				HEADER_SEARCH_PATHS = (
					"$(VULKAN_SDK)/include/**",
					"$(PROJECT_DIR)/../../include",
				);
				INFOPLIST_KEY_NSHumanReadableCopyright = "";
				INFOPLIST_KEY_NSMainNibFile = MainMenu;
				INFOPLIST_KEY_NSPrincipalClass = NSApplication;
				LD_RUNPATH_SEARCH_PATHS = (
					"$(inherited)",
					"@executable_path/../Frameworks",
				);
				LIBRARY_SEARCH_PATHS = (
					"$(PROJECT_DIR)/../../bin/Release",
					"$(VULKAN_SDK)/lib",
				);
				MARKETING_VERSION = 1.0;
				OTHER_LDFLAGS = (
					"-lSDL2-2.0.0",
					"-lvulkan.$(VULKAN_LIB_VERSION)",
				);
				PRODUCT_BUNDLE_IDENTIFIER = "com.bg2engine.bg2e.example-app.Setup";
				PRODUCT_NAME = "$(TARGET_NAME)";
				SWIFT_EMIT_LOC_STRINGS = YES;
				VULKAN_SDK = "$(HOME)/VulkanSDK/1.4.313.1/macOS";
			};
			name = Release;
		};
/* End XCBuildConfiguration section */

/* Begin XCConfigurationList section */
		EDD77E382CEA600200278155 /* Build configuration list for PBXProject "scene_renderer_raw" */ = {
			isa = XCConfigurationList;
			buildConfigurations = (
				EDD77E4B2CEA600300278155 /* Debug */,
				EDD77E4C2CEA600300278155 /* Release */,
			);
			defaultConfigurationIsVisible = 0;
			defaultConfigurationName = Release;
		};
		EDD77E4D2CEA600300278155 /* Build configuration list for PBXNativeTarget "scene_renderer_raw" */ = {
			isa = XCConfigurationList;
			buildConfigurations = (
				EDD77E4E2CEA600300278155 /* Debug */,
				EDD77E4F2CEA600300278155 /* Release */,
			);
			defaultConfigurationIsVisible = 0;
			defaultConfigurationName = Release;
		};
/* End XCConfigurationList section */
	};
	rootObject = EDD77E352CEA600200278155 /* Project object */;
}
