<?xml version="1.0" encoding="utf-8"?>
<Project ToolsVersion="4.0" xmlns="http://schemas.microsoft.com/developer/msbuild/2003">
  <ItemGroup>
    <Filter Include="Source Files">
      <UniqueIdentifier>{4FC737F1-C7A5-4376-A066-2A32D752A2FF}</UniqueIdentifier>
      <Extensions>cpp;c;cc;cxx;c++;cppm;ixx;def;odl;idl;hpj;bat;asm;asmx</Extensions>
    </Filter>
    <Filter Include="Header Files">
      <UniqueIdentifier>{93995380-89BD-4b04-88EB-625FBE52EBFB}</UniqueIdentifier>
      <Extensions>h;hh;hpp;hxx;h++;hm;inl;inc;ipp;xsd</Extensions>
    </Filter>
    <Filter Include="Resource Files">
      <UniqueIdentifier>{67DA6AB6-F800-4c08-8B7A-83BB121AAD01}</UniqueIdentifier>
      <Extensions>rc;ico;cur;bmp;dlg;rc2;rct;bin;rgs;gif;jpg;jpeg;jpe;resx;tiff;tif;png;wav;mfcribbon-ms</Extensions>
    </Filter>
    <Filter Include="Header Files\bg2e">
      <UniqueIdentifier>{19652075-2abc-4209-b13c-5bcf20c67d98}</UniqueIdentifier>
    </Filter>
    <Filter Include="Header Files\bg2e\app">
      <UniqueIdentifier>{65dce443-f599-46aa-809a-4ac6bd140591}</UniqueIdentifier>
    </Filter>
    <Filter Include="Source Files\app">
      <UniqueIdentifier>{c70a0069-20d0-4aee-934e-b3222edab039}</UniqueIdentifier>
    </Filter>
    <Filter Include="Header Files\bg2e\render">
      <UniqueIdentifier>{390e3bad-718c-4a28-a3c9-761502b0eb98}</UniqueIdentifier>
    </Filter>
    <Filter Include="Source Files\render">
      <UniqueIdentifier>{b280e81e-cf04-4899-be24-dd1d6183d0c2}</UniqueIdentifier>
    </Filter>
    <Filter Include="Header Files\bg2e\base">
      <UniqueIdentifier>{9d6fa494-15ec-42cc-926d-103f9d53a8b1}</UniqueIdentifier>
    </Filter>
    <Filter Include="Source Files\base">
      <UniqueIdentifier>{e30494e5-f4cd-4ea3-afc6-8144d268f9a9}</UniqueIdentifier>
    </Filter>
    <Filter Include="Third Party">
      <UniqueIdentifier>{bd9fb13a-b788-4600-894a-8eec789bfbb7}</UniqueIdentifier>
    </Filter>
    <Filter Include="Third Party\vk-bootstrap">
      <UniqueIdentifier>{f4f3eeba-ab1d-452d-add9-4645c8e0d94f}</UniqueIdentifier>
    </Filter>
  </ItemGroup>
  <ItemGroup>
    <ClInclude Include="..\include\bg2e\common.hpp">
      <Filter>Header Files\bg2e</Filter>
    </ClInclude>
    <ClInclude Include="..\include\bg2e\app\MainLoop.hpp">
      <Filter>Header Files\bg2e\app</Filter>
    </ClInclude>
    <ClInclude Include="..\include\bg2e\render\Vulkan.hpp">
      <Filter>Header Files\bg2e\render</Filter>
    </ClInclude>
    <ClInclude Include="..\include\bg2e\render\common.hpp">
      <Filter>Header Files\bg2e\render</Filter>
    </ClInclude>
    <ClInclude Include="..\include\bg2e\render\extensions.hpp">
      <Filter>Header Files\bg2e\render</Filter>
    </ClInclude>
    <ClInclude Include="..\include\bg2e\base\PlatformTools.hpp">
      <Filter>Header Files\bg2e\base</Filter>
    </ClInclude>
    <ClInclude Include="..\third_party\vk-bootstrap\src\VkBootstrap.h">
      <Filter>Third Party\vk-bootstrap</Filter>
    </ClInclude>
    <ClInclude Include="..\third_party\vk-bootstrap\src\VkBootstrapDispatch.h">
      <Filter>Third Party\vk-bootstrap</Filter>
    </ClInclude>
  </ItemGroup>
  <ItemGroup>
    <ClCompile Include="..\src\bg2e\app\MainLoop.cpp">
      <Filter>Source Files\app</Filter>
    </ClCompile>
    <ClCompile Include="..\src\bg2e\render\Vulkan.cpp">
      <Filter>Source Files\render</Filter>
    </ClCompile>
    <ClCompile Include="..\src\bg2e\render\common.cpp">
      <Filter>Source Files\render</Filter>
    </ClCompile>
    <ClCompile Include="..\src\bg2e\render\extensions.cpp">
      <Filter>Source Files\render</Filter>
    </ClCompile>
    <ClCompile Include="..\src\bg2e\base\PlatformTools.cpp">
      <Filter>Source Files\base</Filter>
    </ClCompile>
    <ClCompile Include="..\third_party\vk-bootstrap\src\VkBootstrap.cpp">
      <Filter>Third Party\vk-bootstrap</Filter>
    </ClCompile>
  </ItemGroup>
</Project>