<?xml version="1.0" encoding="utf-8"?>
<Project ToolsVersion="4.0" xmlns="http://schemas.microsoft.com/developer/msbuild/2003">
  <ItemGroup>
    <Filter Include="Archivos de recursos">
      <UniqueIdentifier>{67DA6AB6-F800-4c08-8B7A-83BB121AAD01}</UniqueIdentifier>
      <Extensions>rc;ico;cur;bmp;dlg;rc2;rct;bin;rgs;gif;jpg;jpeg;jpe;resx;tiff;tif;png;wav;mfcribbon-ms</Extensions>
    </Filter>
    <Filter Include="Source files">
      <UniqueIdentifier>{4FC737F1-C7A5-4376-A066-2A32D752A2FF}</UniqueIdentifier>
      <Extensions>cpp;c;cc;cxx;def;odl;idl;hpj;bat;asm;asmx</Extensions>
    </Filter>
    <Filter Include="Source files\utils">
      <UniqueIdentifier>{f577febf-4d61-4c28-8984-a6f6bf0d4fd5}</UniqueIdentifier>
    </Filter>
    <Filter Include="Source files\wnd">
      <UniqueIdentifier>{03109eb8-5707-4633-9dc0-c71f70eb8590}</UniqueIdentifier>
    </Filter>
    <Filter Include="Header files">
      <UniqueIdentifier>{93995380-89BD-4b04-88EB-625FBE52EBFB}</UniqueIdentifier>
      <Extensions>h;hh;hpp;hxx;hm;inl;inc;ipp;xsd</Extensions>
    </Filter>
    <Filter Include="Header files\utils">
      <UniqueIdentifier>{0d89df87-ddf0-4ce0-8263-075ada15398f}</UniqueIdentifier>
    </Filter>
    <Filter Include="Header files\wnd">
      <UniqueIdentifier>{2e7b544e-6a42-4577-abf1-46885eb28fe9}</UniqueIdentifier>
    </Filter>
    <Filter Include="Header files\math">
      <UniqueIdentifier>{d4c0fbfd-db2f-43f8-b6b3-9e9b581b2d3d}</UniqueIdentifier>
    </Filter>
    <Filter Include="Source files\math">
      <UniqueIdentifier>{da0ce4fc-daae-4c3c-8df1-968e61d51822}</UniqueIdentifier>
    </Filter>
  </ItemGroup>
  <ItemGroup>
    <ClInclude Include="..\include\bg2e\platform.hpp">
      <Filter>Header files</Filter>
    </ClInclude>
    <ClInclude Include="..\include\bg2e\utils.hpp">
      <Filter>Header files</Filter>
    </ClInclude>
    <ClInclude Include="..\include\bg2e\wnd.hpp">
      <Filter>Header files</Filter>
    </ClInclude>
    <ClInclude Include="..\include\bg2e\wnd\event_handler.hpp">
      <Filter>Header files\wnd</Filter>
    </ClInclude>
    <ClInclude Include="..\include\bg2e\wnd\glfw_defines.hpp">
      <Filter>Header files\wnd</Filter>
    </ClInclude>
    <ClInclude Include="..\include\bg2e\wnd\keyboard_event.hpp">
      <Filter>Header files\wnd</Filter>
    </ClInclude>
    <ClInclude Include="..\include\bg2e\wnd\main_loop.hpp">
      <Filter>Header files\wnd</Filter>
    </ClInclude>
    <ClInclude Include="..\include\bg2e\wnd\mouse_event.hpp">
      <Filter>Header files\wnd</Filter>
    </ClInclude>
    <ClInclude Include="..\include\bg2e\wnd\window.hpp">
      <Filter>Header files\wnd</Filter>
    </ClInclude>
    <ClInclude Include="..\include\bg2e\utils\load.hpp">
      <Filter>Header files\utils</Filter>
    </ClInclude>
    <ClInclude Include="..\include\bg2e\math\matrix.hpp">
      <Filter>Header files\math</Filter>
    </ClInclude>
    <ClInclude Include="..\include\bg2e\math\utils.hpp">
      <Filter>Header files\math</Filter>
    </ClInclude>
    <ClInclude Include="..\include\bg2e\math\vector.hpp">
      <Filter>Header files\math</Filter>
    </ClInclude>
    <ClInclude Include="..\include\bg2e\math.hpp">
      <Filter>Header files</Filter>
    </ClInclude>
  </ItemGroup>
  <ItemGroup>
    <ClCompile Include="..\src\utils\load.cpp">
      <Filter>Source files\utils</Filter>
    </ClCompile>
    <ClCompile Include="..\src\wnd\main_loop.cpp">
      <Filter>Source files\wnd</Filter>
    </ClCompile>
    <ClCompile Include="..\src\wnd\window.cpp">
      <Filter>Source files\wnd</Filter>
    </ClCompile>
    <ClCompile Include="..\src\math\utils.cpp">
      <Filter>Source files\math</Filter>
    </ClCompile>
  </ItemGroup>
</Project>