<?xml version="1.0" encoding="utf-8"?>
<Project ToolsVersion="4.0" xmlns="http://schemas.microsoft.com/developer/msbuild/2003">
  <ItemGroup>
    <Filter Include="Source Files">
      <UniqueIdentifier>{4FC737F1-C7A5-4376-A066-2A32D752A2FF}</UniqueIdentifier>
      <Extensions>cpp;c;cc;cxx;c++;cppm;ixx;def;odl;idl;hpj;bat;asm;asmx</Extensions>
    </Filter>
    <Filter Include="Header Files">
      <UniqueIdentifier>{93995380-89BD-4b04-88EB-625FBE52EBFB}</UniqueIdentifier>
      <Extensions>h;hh;hpp;hxx;h++;hm;inl;inc;ipp;xsd</Extensions>
    </Filter>
    <Filter Include="Resource Files">
      <UniqueIdentifier>{67DA6AB6-F800-4c08-8B7A-83BB121AAD01}</UniqueIdentifier>
      <Extensions>rc;ico;cur;bmp;dlg;rc2;rct;bin;rgs;gif;jpg;jpeg;jpe;resx;tiff;tif;png;wav;mfcribbon-ms</Extensions>
    </Filter>
    <Filter Include="Header Files\bg2e">
      <UniqueIdentifier>{19652075-2abc-4209-b13c-5bcf20c67d98}</UniqueIdentifier>
    </Filter>
    <Filter Include="Header Files\bg2e\app">
      <UniqueIdentifier>{65dce443-f599-46aa-809a-4ac6bd140591}</UniqueIdentifier>
    </Filter>
    <Filter Include="Source Files\app">
      <UniqueIdentifier>{c70a0069-20d0-4aee-934e-b3222edab039}</UniqueIdentifier>
    </Filter>
    <Filter Include="Header Files\bg2e\render">
      <UniqueIdentifier>{390e3bad-718c-4a28-a3c9-761502b0eb98}</UniqueIdentifier>
    </Filter>
    <Filter Include="Source Files\render">
      <UniqueIdentifier>{b280e81e-cf04-4899-be24-dd1d6183d0c2}</UniqueIdentifier>
    </Filter>
    <Filter Include="Header Files\bg2e\base">
      <UniqueIdentifier>{9d6fa494-15ec-42cc-926d-103f9d53a8b1}</UniqueIdentifier>
    </Filter>
    <Filter Include="Source Files\base">
      <UniqueIdentifier>{e30494e5-f4cd-4ea3-afc6-8144d268f9a9}</UniqueIdentifier>
    </Filter>
    <Filter Include="Third Party">
      <UniqueIdentifier>{bd9fb13a-b788-4600-894a-8eec789bfbb7}</UniqueIdentifier>
    </Filter>
    <Filter Include="Header Files\bg2e\render\vulkan">
      <UniqueIdentifier>{59181b3b-f5ba-4130-a461-7a2069e7b8cb}</UniqueIdentifier>
    </Filter>
    <Filter Include="Source Files\render\vulkan">
      <UniqueIdentifier>{7994a235-295b-4a6a-a035-7a2578c3f992}</UniqueIdentifier>
    </Filter>
    <Filter Include="Source Files\ui">
      <UniqueIdentifier>{35bdbc01-d76b-4e3a-8f8d-abd4e183b0ab}</UniqueIdentifier>
    </Filter>
    <Filter Include="Header Files\bg2e\ui">
      <UniqueIdentifier>{efb507ba-9548-4e3b-8b36-62a4891a7172}</UniqueIdentifier>
    </Filter>
    <Filter Include="Third Party\imgui">
      <UniqueIdentifier>{736c3a8d-0e22-476a-8755-f5d9f4d22322}</UniqueIdentifier>
    </Filter>
    <Filter Include="Source Files\render\vulkan\factory">
      <UniqueIdentifier>{464c2bc7-00f6-4398-a744-1ee35bda22fe}</UniqueIdentifier>
    </Filter>
    <Filter Include="Header Files\bg2e\render\vulkan\factory">
      <UniqueIdentifier>{b6c4d4b9-9e5b-433c-af79-65088a191e72}</UniqueIdentifier>
    </Filter>
    <Filter Include="Header Files\bg2e\render\vulkan\macros">
      <UniqueIdentifier>{a2fab09e-52d7-460b-b2a8-008fad65ac6d}</UniqueIdentifier>
    </Filter>
    <Filter Include="Source Files\render\vulkan\macros">
      <UniqueIdentifier>{d4822dce-2d12-4599-bd7c-6e1d1a2a96e8}</UniqueIdentifier>
    </Filter>
    <Filter Include="Header Files\bg2e\geo">
      <UniqueIdentifier>{472ba24b-bf90-4419-a253-de21f1d5db5e}</UniqueIdentifier>
    </Filter>
    <Filter Include="Header Files\bg2e\render\vulkan\geo">
      <UniqueIdentifier>{93f2c1f9-589d-48ed-b47e-203a1e4afe32}</UniqueIdentifier>
    </Filter>
    <Filter Include="Source Files\render\vulkan\geo">
      <UniqueIdentifier>{74c1ccf8-f7bc-49a1-bc7c-4b72506adc83}</UniqueIdentifier>
    </Filter>
    <Filter Include="Header Files\bg2e\db">
      <UniqueIdentifier>{2ab154ed-9b28-4cfb-8cad-518c4fbc94bf}</UniqueIdentifier>
    </Filter>
    <Filter Include="Source Files\db">
      <UniqueIdentifier>{42c31297-f1cd-44d7-8de1-cb4934fb4aee}</UniqueIdentifier>
    </Filter>
  </ItemGroup>
  <ItemGroup>
    <ClInclude Include="..\include\bg2e\common.hpp">
      <Filter>Header Files\bg2e</Filter>
    </ClInclude>
    <ClInclude Include="..\include\bg2e\app\MainLoop.hpp">
      <Filter>Header Files\bg2e\app</Filter>
    </ClInclude>
    <ClInclude Include="..\include\bg2e\render\Vulkan.hpp">
      <Filter>Header Files\bg2e\render</Filter>
    </ClInclude>
    <ClInclude Include="..\include\bg2e\base\PlatformTools.hpp">
      <Filter>Header Files\bg2e\base</Filter>
    </ClInclude>
    <ClInclude Include="..\include\bg2e\render\vulkan\Buffer.hpp">
      <Filter>Header Files\bg2e\render\vulkan</Filter>
    </ClInclude>
    <ClInclude Include="..\include\bg2e\render\vulkan\CleanupManager.hpp">
      <Filter>Header Files\bg2e\render\vulkan</Filter>
    </ClInclude>
    <ClInclude Include="..\include\bg2e\render\vulkan\Command.hpp">
      <Filter>Header Files\bg2e\render\vulkan</Filter>
    </ClInclude>
    <ClInclude Include="..\include\bg2e\render\vulkan\common.hpp">
      <Filter>Header Files\bg2e\render\vulkan</Filter>
    </ClInclude>
    <ClInclude Include="..\include\bg2e\render\vulkan\DescriptorSet.hpp">
      <Filter>Header Files\bg2e\render\vulkan</Filter>
    </ClInclude>
    <ClInclude Include="..\include\bg2e\render\vulkan\DescriptorSetAllocator.hpp">
      <Filter>Header Files\bg2e\render\vulkan</Filter>
    </ClInclude>
    <ClInclude Include="..\include\bg2e\render\vulkan\extensions.hpp">
      <Filter>Header Files\bg2e\render\vulkan</Filter>
    </ClInclude>
    <ClInclude Include="..\include\bg2e\render\vulkan\FrameResources.hpp">
      <Filter>Header Files\bg2e\render\vulkan</Filter>
    </ClInclude>
    <ClInclude Include="..\include\bg2e\render\vulkan\Image.hpp">
      <Filter>Header Files\bg2e\render\vulkan</Filter>
    </ClInclude>
    <ClInclude Include="..\include\bg2e\render\vulkan\Info.hpp">
      <Filter>Header Files\bg2e\render\vulkan</Filter>
    </ClInclude>
    <ClInclude Include="..\include\bg2e\render\vulkan\Swapchain.hpp">
      <Filter>Header Files\bg2e\render\vulkan</Filter>
    </ClInclude>
    <ClInclude Include="..\include\bg2e\render\vulkan\Instance.hpp">
      <Filter>Header Files\bg2e\render\vulkan</Filter>
    </ClInclude>
    <ClInclude Include="..\include\bg2e\base\Log.hpp">
      <Filter>Header Files\bg2e\base</Filter>
    </ClInclude>
    <ClInclude Include="..\include\bg2e\render\vulkan\PhysicalDevice.hpp">
      <Filter>Header Files\bg2e\render\vulkan</Filter>
    </ClInclude>
    <ClInclude Include="..\include\bg2e\render\vulkan\Surface.hpp">
      <Filter>Header Files\bg2e\render\vulkan</Filter>
    </ClInclude>
    <ClInclude Include="..\include\bg2e\render\vulkan\Device.hpp">
      <Filter>Header Files\bg2e\render\vulkan</Filter>
    </ClInclude>
    <ClInclude Include="..\include\bg2e\render\RenderLoop.hpp">
      <Filter>Header Files\bg2e\render</Filter>
    </ClInclude>
    <ClInclude Include="..\include\bg2e\render\RenderLoopDelegate.hpp">
      <Filter>Header Files\bg2e\render</Filter>
    </ClInclude>
    <ClInclude Include="..\include\bg2e\app\Application.hpp">
      <Filter>Header Files\bg2e\app</Filter>
    </ClInclude>
    <ClInclude Include="..\include\bg2e\app\InputDelegate.hpp">
      <Filter>Header Files\bg2e\app</Filter>
    </ClInclude>
    <ClInclude Include="..\include\bg2e\app\InputManager.hpp">
      <Filter>Header Files\bg2e\app</Filter>
    </ClInclude>
    <ClInclude Include="..\include\bg2e\app\KeyEvent.hpp">
      <Filter>Header Files\bg2e\app</Filter>
    </ClInclude>
    <ClInclude Include="..\include\bg2e\ui\UserInterface.hpp">
      <Filter>Header Files\bg2e\ui</Filter>
    </ClInclude>
    <ClInclude Include="..\third_party\imgui\imconfig.h">
      <Filter>Third Party\imgui</Filter>
    </ClInclude>
    <ClInclude Include="..\third_party\imgui\imgui.h">
      <Filter>Third Party\imgui</Filter>
    </ClInclude>
    <ClInclude Include="..\third_party\imgui\imgui_impl_sdl2.h">
      <Filter>Third Party\imgui</Filter>
    </ClInclude>
    <ClInclude Include="..\third_party\imgui\imgui_impl_vulkan.h">
      <Filter>Third Party\imgui</Filter>
    </ClInclude>
    <ClInclude Include="..\third_party\imgui\imgui_internal.h">
      <Filter>Third Party\imgui</Filter>
    </ClInclude>
    <ClInclude Include="..\third_party\imgui\imstb_rectpack.h">
      <Filter>Third Party\imgui</Filter>
    </ClInclude>
    <ClInclude Include="..\third_party\imgui\imstb_textedit.h">
      <Filter>Third Party\imgui</Filter>
    </ClInclude>
    <ClInclude Include="..\third_party\imgui\imstb_truetype.h">
      <Filter>Third Party\imgui</Filter>
    </ClInclude>
    <ClInclude Include="..\include\bg2e\ui\DemoWindow.hpp">
      <Filter>Header Files\bg2e\ui</Filter>
    </ClInclude>
    <ClInclude Include="..\include\bg2e\ui\UserInterfaceDelegate.hpp">
      <Filter>Header Files\bg2e\ui</Filter>
    </ClInclude>
    <ClInclude Include="..\include\bg2e\ui\Window.hpp">
      <Filter>Header Files\bg2e\ui</Filter>
    </ClInclude>
    <ClInclude Include="..\include\bg2e\ui\BasicWidgets.hpp">
      <Filter>Header Files\bg2e\ui</Filter>
    </ClInclude>
    <ClInclude Include="..\include\bg2e\ui\Input.hpp">
      <Filter>Header Files\bg2e\ui</Filter>
    </ClInclude>
    <ClInclude Include="..\include\bg2e\render\vulkan\factory\GraphicsPipeline.hpp">
      <Filter>Header Files\bg2e\render\vulkan\factory</Filter>
    </ClInclude>
    <ClInclude Include="..\include\bg2e\render\vulkan\factory\ShaderModule.hpp">
      <Filter>Header Files\bg2e\render\vulkan\factory</Filter>
    </ClInclude>
    <ClInclude Include="..\include\bg2e\render\vulkan\factory\ComputePipeline.hpp">
      <Filter>Header Files\bg2e\render\vulkan\factory</Filter>
    </ClInclude>
    <ClInclude Include="..\include\bg2e\render\vulkan\factory\DescriptorSetLayout.hpp">
      <Filter>Header Files\bg2e\render\vulkan\factory</Filter>
    </ClInclude>
    <ClInclude Include="..\include\bg2e\render\vulkan\factory\Sampler.hpp">
      <Filter>Header Files\bg2e\render\vulkan\factory</Filter>
    </ClInclude>
    <ClInclude Include="..\include\bg2e\render\vulkan\macros\graphics.hpp">
      <Filter>Header Files\bg2e\render\vulkan\macros</Filter>
    </ClInclude>
    <ClInclude Include="..\include\bg2e\geo\Vertex.hpp">
      <Filter>Header Files\bg2e\geo</Filter>
    </ClInclude>
    <ClInclude Include="..\include\bg2e\render\vulkan\geo\VertexDescription.hpp">
      <Filter>Header Files\bg2e\render\vulkan\geo</Filter>
    </ClInclude>
    <ClInclude Include="..\include\bg2e\geo\Mesh.hpp">
      <Filter>Header Files\bg2e\geo</Filter>
    </ClInclude>
    <ClInclude Include="..\include\bg2e\render\vulkan\geo\Mesh.hpp">
      <Filter>Header Files\bg2e\render\vulkan\geo</Filter>
    </ClInclude>
    <ClInclude Include="..\include\bg2e\base\Image.hpp">
      <Filter>Header Files\bg2e\base</Filter>
    </ClInclude>
    <ClInclude Include="..\include\bg2e\db\image.hpp">
      <Filter>Header Files\bg2e\db</Filter>
    </ClInclude>
    <ClInclude Include="..\include\bg2e\base\Texture.hpp">
      <Filter>Header Files\bg2e\base</Filter>
    </ClInclude>
    <ClInclude Include="..\include\bg2e\render\Texture.hpp">
      <Filter>Header Files\bg2e\render</Filter>
    </ClInclude>
    <ClInclude Include="..\include\bg2e\db\mesh_obj.hpp">
      <Filter>Header Files\bg2e\db</Filter>
    </ClInclude>
    <ClInclude Include="..\include\bg2e\render\vulkan\macros\descriptor_set.hpp">
      <Filter>Header Files\bg2e\render\vulkan\macros</Filter>
    </ClInclude>
    <ClInclude Include="..\include\bg2e\render\vulkan\macros\frame_resources.hpp">
      <Filter>Header Files\bg2e\render\vulkan\macros</Filter>
    </ClInclude>
  </ItemGroup>
  <ItemGroup>
    <ClCompile Include="..\src\bg2e\app\MainLoop.cpp">
      <Filter>Source Files\app</Filter>
    </ClCompile>
    <ClCompile Include="..\src\bg2e\render\Vulkan.cpp">
      <Filter>Source Files\render</Filter>
    </ClCompile>
    <ClCompile Include="..\src\bg2e\base\PlatformTools.cpp">
      <Filter>Source Files\base</Filter>
    </ClCompile>
    <ClCompile Include="..\src\bg2e\render\vulkan\Buffer.cpp">
      <Filter>Source Files\render\vulkan</Filter>
    </ClCompile>
    <ClCompile Include="..\src\bg2e\render\vulkan\Command.cpp">
      <Filter>Source Files\render\vulkan</Filter>
    </ClCompile>
    <ClCompile Include="..\src\bg2e\render\vulkan\common.cpp">
      <Filter>Source Files\render\vulkan</Filter>
    </ClCompile>
    <ClCompile Include="..\src\bg2e\render\vulkan\DescriptorSet.cpp">
      <Filter>Source Files\render\vulkan</Filter>
    </ClCompile>
    <ClCompile Include="..\src\bg2e\render\vulkan\DescriptorSetAllocator.cpp">
      <Filter>Source Files\render\vulkan</Filter>
    </ClCompile>
    <ClCompile Include="..\src\bg2e\render\vulkan\extensions.cpp">
      <Filter>Source Files\render\vulkan</Filter>
    </ClCompile>
    <ClCompile Include="..\src\bg2e\render\vulkan\FrameResources.cpp">
      <Filter>Source Files\render\vulkan</Filter>
    </ClCompile>
    <ClCompile Include="..\src\bg2e\render\vulkan\Image.cpp">
      <Filter>Source Files\render\vulkan</Filter>
    </ClCompile>
    <ClCompile Include="..\src\bg2e\render\vulkan\Info.cpp">
      <Filter>Source Files\render\vulkan</Filter>
    </ClCompile>
    <ClCompile Include="..\src\bg2e\render\vulkan\Swapchain.cpp">
      <Filter>Source Files\render\vulkan</Filter>
    </ClCompile>
    <ClCompile Include="..\src\bg2e\render\vulkan\Instance.cpp">
      <Filter>Source Files\render\vulkan</Filter>
    </ClCompile>
    <ClCompile Include="..\src\bg2e\base\Log.cpp">
      <Filter>Source Files\base</Filter>
    </ClCompile>
    <ClCompile Include="..\src\bg2e\render\vulkan\PhysicalDevice.cpp">
      <Filter>Source Files\render\vulkan</Filter>
    </ClCompile>
    <ClCompile Include="..\src\bg2e\render\vulkan\Surface.cpp">
      <Filter>Source Files\render\vulkan</Filter>
    </ClCompile>
    <ClCompile Include="..\src\bg2e\render\vulkan\Device.cpp">
      <Filter>Source Files\render\vulkan</Filter>
    </ClCompile>
    <ClCompile Include="..\src\bg2e\render\RenderLoop.cpp">
      <Filter>Source Files\render</Filter>
    </ClCompile>
    <ClCompile Include="..\src\bg2e\app\InputManager.cpp">
      <Filter>Source Files\app</Filter>
    </ClCompile>
    <ClCompile Include="..\src\bg2e\ui\UserInterface.cpp">
      <Filter>Source Files\ui</Filter>
    </ClCompile>
    <ClCompile Include="..\third_party\imgui\imgui.cpp">
      <Filter>Third Party\imgui</Filter>
    </ClCompile>
    <ClCompile Include="..\third_party\imgui\imgui_demo.cpp">
      <Filter>Third Party\imgui</Filter>
    </ClCompile>
    <ClCompile Include="..\third_party\imgui\imgui_draw.cpp">
      <Filter>Third Party\imgui</Filter>
    </ClCompile>
    <ClCompile Include="..\third_party\imgui\imgui_impl_sdl2.cpp">
      <Filter>Third Party\imgui</Filter>
    </ClCompile>
    <ClCompile Include="..\third_party\imgui\imgui_impl_vulkan.cpp">
      <Filter>Third Party\imgui</Filter>
    </ClCompile>
    <ClCompile Include="..\third_party\imgui\imgui_tables.cpp">
      <Filter>Third Party\imgui</Filter>
    </ClCompile>
    <ClCompile Include="..\third_party\imgui\imgui_widgets.cpp">
      <Filter>Third Party\imgui</Filter>
    </ClCompile>
    <ClCompile Include="..\src\bg2e\ui\UserInterfaceDelegate.cpp">
      <Filter>Source Files\ui</Filter>
    </ClCompile>
    <ClCompile Include="..\src\bg2e\ui\DemoWindow.cpp">
      <Filter>Source Files\ui</Filter>
    </ClCompile>
    <ClCompile Include="..\src\bg2e\ui\Window.cpp">
      <Filter>Source Files\ui</Filter>
    </ClCompile>
    <ClCompile Include="..\src\bg2e\ui\BasicWidgets.cpp">
      <Filter>Source Files\ui</Filter>
    </ClCompile>
    <ClCompile Include="..\src\bg2e\ui\Input.cpp">
      <Filter>Source Files\ui</Filter>
    </ClCompile>
    <ClCompile Include="..\src\bg2e\render\vulkan\factory\GraphicsPipeline.cpp">
      <Filter>Source Files\render\vulkan\factory</Filter>
    </ClCompile>
    <ClCompile Include="..\src\bg2e\render\vulkan\factory\ShaderModule.cpp">
      <Filter>Source Files\render\vulkan\factory</Filter>
    </ClCompile>
    <ClCompile Include="..\src\bg2e\render\vulkan\factory\ComputePipeline.cpp">
      <Filter>Source Files\render\vulkan\factory</Filter>
    </ClCompile>
    <ClCompile Include="..\src\bg2e\render\vulkan\factory\DescriptorSetLayout.cpp">
      <Filter>Source Files\render\vulkan\factory</Filter>
    </ClCompile>
    <ClCompile Include="..\src\bg2e\render\vulkan\factory\Sampler.cpp">
      <Filter>Source Files\render\vulkan\factory</Filter>
    </ClCompile>
    <ClCompile Include="..\src\bg2e\render\vulkan\macros\graphics.cpp">
      <Filter>Source Files\render\vulkan\macros</Filter>
    </ClCompile>
    <ClCompile Include="..\src\bg2e\render\vulkan\geo\VertexDescription.cpp">
      <Filter>Source Files\render\vulkan\geo</Filter>
    </ClCompile>
    <ClCompile Include="..\src\bg2e\render\vulkan\geo\Mesh.cpp">
      <Filter>Source Files\render\vulkan\geo</Filter>
    </ClCompile>
    <ClCompile Include="..\src\bg2e\base\Image_base.cpp">
      <Filter>Source Files\base</Filter>
    </ClCompile>
    <ClCompile Include="..\src\bg2e\db\image_db.cpp">
      <Filter>Source Files\db</Filter>
    </ClCompile>
    <ClCompile Include="..\src\bg2e\render\Texture_render.cpp">
      <Filter>Source Files\render</Filter>
    </ClCompile>
    <ClCompile Include="..\src\bg2e\db\mesh_obj_db.cpp">
      <Filter>Source Files\db</Filter>
    </ClCompile>
  </ItemGroup>
</Project>