// !$*UTF8*$!
{
	archiveVersion = 1;
	classes = {
	};
	objectVersion = 63;
	objects = {

/* Begin PBXBuildFile section */
		ED533A1E2CD7A8F700136B04 /* MainLoop.cpp in Sources */ = {isa = PBXBuildFile; fileRef = ED533A1A2CD7A8F700136B04 /* MainLoop.cpp */; };
		ED533A222CD7AAB700136B04 /* main.cpp in Sources */ = {isa = PBXBuildFile; fileRef = ED533A212CD7AAB700136B04 /* main.cpp */; };
		ED533A282CD7ADD600136B04 /* libbg2e.dylib in Frameworks */ = {isa = PBXBuildFile; fileRef = ED533A262CD7AD0200136B04 /* libbg2e.dylib */; };
		ED533A2C2CD7AE9600136B04 /* libbg2e.dylib in CopyFiles */ = {isa = PBXBuildFile; fileRef = ED533A262CD7AD0200136B04 /* libbg2e.dylib */; settings = {ATTRIBUTES = (CodeSignOnCopy, ); }; };
		EDD357242CD924DA009C7507 /* libSDL2-2.0.0.dylib in Frameworks */ = {isa = PBXBuildFile; fileRef = EDD357212CD924B9009C7507 /* libSDL2-2.0.0.dylib */; };
		EDD357252CD924DC009C7507 /* libMoltenVK.dylib in Frameworks */ = {isa = PBXBuildFile; fileRef = EDD357202CD924B9009C7507 /* libMoltenVK.dylib */; };
		EDD357262CD924DF009C7507 /* libvulkan.1.3.290.dylib in Frameworks */ = {isa = PBXBuildFile; fileRef = EDD357222CD924B9009C7507 /* libvulkan.1.3.290.dylib */; };
		EDD357272CD926B7009C7507 /* libSDL2-2.0.0.dylib in CopyFiles */ = {isa = PBXBuildFile; fileRef = EDD357212CD924B9009C7507 /* libSDL2-2.0.0.dylib */; settings = {ATTRIBUTES = (CodeSignOnCopy, ); }; };
		EDD357282CD926D7009C7507 /* libMoltenVK.dylib in CopyFiles */ = {isa = PBXBuildFile; fileRef = EDD357202CD924B9009C7507 /* libMoltenVK.dylib */; settings = {ATTRIBUTES = (CodeSignOnCopy, ); }; };
		EDD357292CD926DC009C7507 /* libvulkan.1.3.290.dylib in CopyFiles */ = {isa = PBXBuildFile; fileRef = EDD357222CD924B9009C7507 /* libvulkan.1.3.290.dylib */; settings = {ATTRIBUTES = (CodeSignOnCopy, ); }; };
		EDD3572D2CD927CB009C7507 /* MoltenVK_icd.json in Copy MoltenVK ICD */ = {isa = PBXBuildFile; fileRef = EDD3572C2CD92789009C7507 /* MoltenVK_icd.json */; };
/* End PBXBuildFile section */

/* Begin PBXContainerItemProxy section */
		ED533A292CD7ADE000136B04 /* PBXContainerItemProxy */ = {
			isa = PBXContainerItemProxy;
			containerPortal = ED5339D02CD7A11E00136B04 /* Project object */;
			proxyType = 1;
			remoteGlobalIDString = ED5339D72CD7A11E00136B04;
			remoteInfo = bg2e;
		};
		EDD3571E2CD9247B009C7507 /* PBXContainerItemProxy */ = {
			isa = PBXContainerItemProxy;
			containerPortal = ED5339D02CD7A11E00136B04 /* Project object */;
			proxyType = 1;
			remoteGlobalIDString = EDD357192CD92300009C7507;
			remoteInfo = "Copy Vulkan libraries";
		};
/* End PBXContainerItemProxy section */

/* Begin PBXCopyFilesBuildPhase section */
		ED533A2B2CD7AE8D00136B04 /* CopyFiles */ = {
			isa = PBXCopyFilesBuildPhase;
			buildActionMask = 2147483647;
			dstPath = "";
			dstSubfolderSpec = 10;
			files = (
				ED533A2C2CD7AE9600136B04 /* libbg2e.dylib in CopyFiles */,
				EDD357272CD926B7009C7507 /* libSDL2-2.0.0.dylib in CopyFiles */,
				EDD357282CD926D7009C7507 /* libMoltenVK.dylib in CopyFiles */,
				EDD357292CD926DC009C7507 /* libvulkan.1.3.290.dylib in CopyFiles */,
			);
			runOnlyForDeploymentPostprocessing = 0;
		};
		EDD3572B2CD92768009C7507 /* Copy MoltenVK ICD */ = {
			isa = PBXCopyFilesBuildPhase;
			buildActionMask = 2147483647;
			dstPath = vulkan/icd.d;
			dstSubfolderSpec = 7;
			files = (
				EDD3572D2CD927CB009C7507 /* MoltenVK_icd.json in Copy MoltenVK ICD */,
			);
			name = "Copy MoltenVK ICD";
			runOnlyForDeploymentPostprocessing = 0;
		};
/* End PBXCopyFilesBuildPhase section */

/* Begin PBXFileReference section */
		ED5339D82CD7A11E00136B04 /* libbg2e.dylib */ = {isa = PBXFileReference; explicitFileType = "compiled.mach-o.dylib"; includeInIndex = 0; path = libbg2e.dylib; sourceTree = BUILT_PRODUCTS_DIR; };
		ED5339F02CD7A1E900136B04 /* example-app.app */ = {isa = PBXFileReference; explicitFileType = wrapper.application; includeInIndex = 0; path = "example-app.app"; sourceTree = BUILT_PRODUCTS_DIR; };
		ED533A152CD7A8E700136B04 /* MainLoop.hpp */ = {isa = PBXFileReference; lastKnownFileType = sourcecode.cpp.h; path = MainLoop.hpp; sourceTree = "<group>"; };
		ED533A172CD7A8E700136B04 /* common.hpp */ = {isa = PBXFileReference; lastKnownFileType = sourcecode.cpp.h; path = common.hpp; sourceTree = "<group>"; };
		ED533A1A2CD7A8F700136B04 /* MainLoop.cpp */ = {isa = PBXFileReference; lastKnownFileType = sourcecode.cpp.cpp; path = MainLoop.cpp; sourceTree = "<group>"; };
		ED533A212CD7AAB700136B04 /* main.cpp */ = {isa = PBXFileReference; lastKnownFileType = sourcecode.cpp.cpp; name = main.cpp; path = ../examples/app/main.cpp; sourceTree = SOURCE_ROOT; };
		ED533A262CD7AD0200136B04 /* libbg2e.dylib */ = {isa = PBXFileReference; lastKnownFileType = "compiled.mach-o.dylib"; name = libbg2e.dylib; path = ../bin/Debug/libbg2e.dylib; sourceTree = SOURCE_ROOT; };
		EDD3571D2CD92341009C7507 /* copy_libraries.sh */ = {isa = PBXFileReference; lastKnownFileType = text.script.sh; path = copy_libraries.sh; sourceTree = "<group>"; };
		EDD357202CD924B9009C7507 /* libMoltenVK.dylib */ = {isa = PBXFileReference; lastKnownFileType = "compiled.mach-o.dylib"; path = libMoltenVK.dylib; sourceTree = "<group>"; };
		EDD357212CD924B9009C7507 /* libSDL2-2.0.0.dylib */ = {isa = PBXFileReference; lastKnownFileType = "compiled.mach-o.dylib"; path = "libSDL2-2.0.0.dylib"; sourceTree = "<group>"; };
		EDD357222CD924B9009C7507 /* libvulkan.1.3.290.dylib */ = {isa = PBXFileReference; lastKnownFileType = "compiled.mach-o.dylib"; path = libvulkan.1.3.290.dylib; sourceTree = "<group>"; };
		EDD3572C2CD92789009C7507 /* MoltenVK_icd.json */ = {isa = PBXFileReference; lastKnownFileType = text.json; path = MoltenVK_icd.json; sourceTree = "<group>"; };
/* End PBXFileReference section */

/* Begin PBXFrameworksBuildPhase section */
		ED5339D62CD7A11E00136B04 /* Frameworks */ = {
			isa = PBXFrameworksBuildPhase;
			buildActionMask = 2147483647;
			files = (
				EDD357242CD924DA009C7507 /* libSDL2-2.0.0.dylib in Frameworks */,
				EDD357252CD924DC009C7507 /* libMoltenVK.dylib in Frameworks */,
				EDD357262CD924DF009C7507 /* libvulkan.1.3.290.dylib in Frameworks */,
			);
			runOnlyForDeploymentPostprocessing = 0;
		};
		ED5339ED2CD7A1E900136B04 /* Frameworks */ = {
			isa = PBXFrameworksBuildPhase;
			buildActionMask = 2147483647;
			files = (
				ED533A282CD7ADD600136B04 /* libbg2e.dylib in Frameworks */,
			);
			runOnlyForDeploymentPostprocessing = 0;
		};
/* End PBXFrameworksBuildPhase section */

/* Begin PBXGroup section */
		ED5339CF2CD7A11E00136B04 = {
			isa = PBXGroup;
			children = (
				EDD3570E2CD920F3009C7507 /* VulkanSDK */,
				ED533A232CD7ACC500136B04 /* Products */,
				ED533A202CD7AAA700136B04 /* example-app */,
				ED533A142CD7A8CA00136B04 /* bg2e */,
				ED533A272CD7ADD600136B04 /* Frameworks */,
				ED5339D92CD7A11E00136B04 /* Products */,
			);
			sourceTree = "<group>";
		};
		ED5339D92CD7A11E00136B04 /* Products */ = {
			isa = PBXGroup;
			children = (
				ED5339D82CD7A11E00136B04 /* libbg2e.dylib */,
				ED5339F02CD7A1E900136B04 /* example-app.app */,
			);
			name = Products;
			sourceTree = "<group>";
		};
		ED533A142CD7A8CA00136B04 /* bg2e */ = {
			isa = PBXGroup;
			children = (
				ED533A192CD7A8E700136B04 /* include */,
				ED533A1D2CD7A8F700136B04 /* src */,
			);
			path = bg2e;
			sourceTree = "<group>";
		};
		ED533A162CD7A8E700136B04 /* app */ = {
			isa = PBXGroup;
			children = (
				ED533A152CD7A8E700136B04 /* MainLoop.hpp */,
			);
			path = app;
			sourceTree = "<group>";
		};
		ED533A182CD7A8E700136B04 /* bg2e */ = {
			isa = PBXGroup;
			children = (
				ED533A162CD7A8E700136B04 /* app */,
				ED533A172CD7A8E700136B04 /* common.hpp */,
			);
			path = bg2e;
			sourceTree = "<group>";
		};
		ED533A192CD7A8E700136B04 /* include */ = {
			isa = PBXGroup;
			children = (
				ED533A182CD7A8E700136B04 /* bg2e */,
			);
			name = include;
			path = ../include;
			sourceTree = SOURCE_ROOT;
		};
		ED533A1B2CD7A8F700136B04 /* app */ = {
			isa = PBXGroup;
			children = (
				ED533A1A2CD7A8F700136B04 /* MainLoop.cpp */,
			);
			path = app;
			sourceTree = "<group>";
		};
		ED533A1C2CD7A8F700136B04 /* bg2e */ = {
			isa = PBXGroup;
			children = (
				ED533A1B2CD7A8F700136B04 /* app */,
			);
			path = bg2e;
			sourceTree = "<group>";
		};
		ED533A1D2CD7A8F700136B04 /* src */ = {
			isa = PBXGroup;
			children = (
				ED533A1C2CD7A8F700136B04 /* bg2e */,
			);
			name = src;
			path = ../src;
			sourceTree = SOURCE_ROOT;
		};
		ED533A202CD7AAA700136B04 /* example-app */ = {
			isa = PBXGroup;
			children = (
				ED533A212CD7AAB700136B04 /* main.cpp */,
			);
			path = "example-app";
			sourceTree = "<group>";
		};
		ED533A232CD7ACC500136B04 /* Products */ = {
			isa = PBXGroup;
			children = (
				ED533A242CD7ACCD00136B04 /* Debug */,
			);
			path = Products;
			sourceTree = "<group>";
		};
		ED533A242CD7ACCD00136B04 /* Debug */ = {
			isa = PBXGroup;
			children = (
				ED533A262CD7AD0200136B04 /* libbg2e.dylib */,
			);
			path = Debug;
			sourceTree = "<group>";
		};
		ED533A272CD7ADD600136B04 /* Frameworks */ = {
			isa = PBXGroup;
			children = (
			);
			name = Frameworks;
			sourceTree = "<group>";
		};
		EDD3570E2CD920F3009C7507 /* VulkanSDK */ = {
			isa = PBXGroup;
			children = (
				EDD3572C2CD92789009C7507 /* MoltenVK_icd.json */,
				EDD357232CD924B9009C7507 /* lib */,
				EDD3571D2CD92341009C7507 /* copy_libraries.sh */,
			);
			path = VulkanSDK;
			sourceTree = "<group>";
		};
		EDD357232CD924B9009C7507 /* lib */ = {
			isa = PBXGroup;
			children = (
				EDD357202CD924B9009C7507 /* libMoltenVK.dylib */,
				EDD357212CD924B9009C7507 /* libSDL2-2.0.0.dylib */,
				EDD357222CD924B9009C7507 /* libvulkan.1.3.290.dylib */,
			);
			path = lib;
			sourceTree = "<group>";
		};
/* End PBXGroup section */

/* Begin PBXHeadersBuildPhase section */
		ED5339D42CD7A11E00136B04 /* Headers */ = {
			isa = PBXHeadersBuildPhase;
			buildActionMask = 2147483647;
			files = (
			);
			runOnlyForDeploymentPostprocessing = 0;
		};
/* End PBXHeadersBuildPhase section */

/* Begin PBXLegacyTarget section */
		EDD357192CD92300009C7507 /* Copy Vulkan libraries */ = {
			isa = PBXLegacyTarget;
			buildArgumentsString = "$(PROJECT_DIR)/VulkanSDK/copy_libraries.sh";
			buildConfigurationList = EDD3571A2CD92300009C7507 /* Build configuration list for PBXLegacyTarget "Copy Vulkan libraries" */;
			buildPhases = (
			);
			buildToolPath = /bin/sh;
			buildWorkingDirectory = "";
			dependencies = (
			);
			name = "Copy Vulkan libraries";
			packageProductDependencies = (
			);
			passBuildSettingsInEnvironment = 1;
			productName = "Copy Vulkan libraries";
		};
/* End PBXLegacyTarget section */

/* Begin PBXNativeTarget section */
		ED5339D72CD7A11E00136B04 /* bg2e */ = {
			isa = PBXNativeTarget;
			buildConfigurationList = ED5339E32CD7A11E00136B04 /* Build configuration list for PBXNativeTarget "bg2e" */;
			buildPhases = (
				ED5339D42CD7A11E00136B04 /* Headers */,
				ED5339D52CD7A11E00136B04 /* Sources */,
				ED5339D62CD7A11E00136B04 /* Frameworks */,
			);
			buildRules = (
			);
			dependencies = (
				EDD3571F2CD9247B009C7507 /* PBXTargetDependency */,
			);
			name = bg2e;
			packageProductDependencies = (
			);
			productName = bg2e;
			productReference = ED5339D82CD7A11E00136B04 /* libbg2e.dylib */;
			productType = "com.apple.product-type.library.dynamic";
		};
		ED5339EF2CD7A1E900136B04 /* example-app */ = {
			isa = PBXNativeTarget;
			buildConfigurationList = ED5339FD2CD7A1EA00136B04 /* Build configuration list for PBXNativeTarget "example-app" */;
			buildPhases = (
				ED5339EC2CD7A1E900136B04 /* Sources */,
				ED5339ED2CD7A1E900136B04 /* Frameworks */,
				ED5339EE2CD7A1E900136B04 /* Resources */,
				ED533A2B2CD7AE8D00136B04 /* CopyFiles */,
				EDD3572A2CD92700009C7507 /* Create Vulkan Sym Links */,
				EDD3572B2CD92768009C7507 /* Copy MoltenVK ICD */,
			);
			buildRules = (
			);
			dependencies = (
				ED533A2A2CD7ADE000136B04 /* PBXTargetDependency */,
			);
			name = "example-app";
			packageProductDependencies = (
			);
			productName = "example-app";
			productReference = ED5339F02CD7A1E900136B04 /* example-app.app */;
			productType = "com.apple.product-type.application";
		};
/* End PBXNativeTarget section */

/* Begin PBXProject section */
		ED5339D02CD7A11E00136B04 /* Project object */ = {
			isa = PBXProject;
			attributes = {
				BuildIndependentTargetsInParallel = 1;
				LastUpgradeCheck = 1610;
				TargetAttributes = {
					ED5339D72CD7A11E00136B04 = {
						CreatedOnToolsVersion = 16.1;
					};
					ED5339EF2CD7A1E900136B04 = {
						CreatedOnToolsVersion = 16.1;
					};
					EDD357192CD92300009C7507 = {
						CreatedOnToolsVersion = 16.1;
					};
				};
			};
			buildConfigurationList = ED5339D32CD7A11E00136B04 /* Build configuration list for PBXProject "bg2e" */;
			compatibilityVersion = "Xcode 15.0";
			developmentRegion = en;
			hasScannedForEncodings = 0;
			knownRegions = (
				en,
				Base,
			);
			mainGroup = ED5339CF2CD7A11E00136B04;
			minimizedProjectReferenceProxies = 1;
			productRefGroup = ED5339D92CD7A11E00136B04 /* Products */;
			projectDirPath = "";
			projectRoot = "";
			targets = (
				EDD357192CD92300009C7507 /* Copy Vulkan libraries */,
				ED5339D72CD7A11E00136B04 /* bg2e */,
				ED5339EF2CD7A1E900136B04 /* example-app */,
			);
		};
/* End PBXProject section */

/* Begin PBXResourcesBuildPhase section */
		ED5339EE2CD7A1E900136B04 /* Resources */ = {
			isa = PBXResourcesBuildPhase;
			buildActionMask = 2147483647;
			files = (
			);
			runOnlyForDeploymentPostprocessing = 0;
		};
/* End PBXResourcesBuildPhase section */

/* Begin PBXShellScriptBuildPhase section */
		EDD3572A2CD92700009C7507 /* Create Vulkan Sym Links */ = {
			isa = PBXShellScriptBuildPhase;
			buildActionMask = 2147483647;
			files = (
			);
			inputFileListPaths = (
			);
			inputPaths = (
			);
			name = "Create Vulkan Sym Links";
			outputFileListPaths = (
			);
			outputPaths = (
			);
			runOnlyForDeploymentPostprocessing = 0;
			shellPath = /bin/sh;
			shellScript = "ln -sf ${BUILT_PRODUCTS_DIR}/${FRAMEWORKS_FOLDER_PATH}/libvulkan.1.3.290.dylib ${BUILT_PRODUCTS_DIR}/${FRAMEWORKS_FOLDER_PATH}/libvulkan.1.dylib\n";
		};
/* End PBXShellScriptBuildPhase section */

/* Begin PBXSourcesBuildPhase section */
		ED5339D52CD7A11E00136B04 /* Sources */ = {
			isa = PBXSourcesBuildPhase;
			buildActionMask = 2147483647;
			files = (
				ED533A1E2CD7A8F700136B04 /* MainLoop.cpp in Sources */,
			);
			runOnlyForDeploymentPostprocessing = 0;
		};
		ED5339EC2CD7A1E900136B04 /* Sources */ = {
			isa = PBXSourcesBuildPhase;
			buildActionMask = 2147483647;
			files = (
				ED533A222CD7AAB700136B04 /* main.cpp in Sources */,
			);
			runOnlyForDeploymentPostprocessing = 0;
		};
/* End PBXSourcesBuildPhase section */

/* Begin PBXTargetDependency section */
		ED533A2A2CD7ADE000136B04 /* PBXTargetDependency */ = {
			isa = PBXTargetDependency;
			target = ED5339D72CD7A11E00136B04 /* bg2e */;
			targetProxy = ED533A292CD7ADE000136B04 /* PBXContainerItemProxy */;
		};
		EDD3571F2CD9247B009C7507 /* PBXTargetDependency */ = {
			isa = PBXTargetDependency;
			target = EDD357192CD92300009C7507 /* Copy Vulkan libraries */;
			targetProxy = EDD3571E2CD9247B009C7507 /* PBXContainerItemProxy */;
		};
/* End PBXTargetDependency section */

/* Begin XCBuildConfiguration section */
		ED5339E12CD7A11E00136B04 /* Debug */ = {
			isa = XCBuildConfiguration;
			buildSettings = {
				ALWAYS_SEARCH_USER_PATHS = NO;
				ASSETCATALOG_COMPILER_GENERATE_SWIFT_ASSET_SYMBOL_EXTENSIONS = YES;
				CLANG_ANALYZER_NONNULL = YES;
				CLANG_ANALYZER_NUMBER_OBJECT_CONVERSION = YES_AGGRESSIVE;
				CLANG_CXX_LANGUAGE_STANDARD = "gnu++20";
				CLANG_ENABLE_MODULES = YES;
				CLANG_ENABLE_OBJC_ARC = YES;
				CLANG_ENABLE_OBJC_WEAK = YES;
				CLANG_WARN_BLOCK_CAPTURE_AUTORELEASING = YES;
				CLANG_WARN_BOOL_CONVERSION = YES;
				CLANG_WARN_COMMA = YES;
				CLANG_WARN_CONSTANT_CONVERSION = YES;
				CLANG_WARN_DEPRECATED_OBJC_IMPLEMENTATIONS = YES;
				CLANG_WARN_DIRECT_OBJC_ISA_USAGE = YES_ERROR;
				CLANG_WARN_DOCUMENTATION_COMMENTS = YES;
				CLANG_WARN_EMPTY_BODY = YES;
				CLANG_WARN_ENUM_CONVERSION = YES;
				CLANG_WARN_INFINITE_RECURSION = YES;
				CLANG_WARN_INT_CONVERSION = YES;
				CLANG_WARN_NON_LITERAL_NULL_CONVERSION = YES;
				CLANG_WARN_OBJC_IMPLICIT_RETAIN_SELF = YES;
				CLANG_WARN_OBJC_LITERAL_CONVERSION = YES;
				CLANG_WARN_OBJC_ROOT_CLASS = YES_ERROR;
				CLANG_WARN_QUOTED_INCLUDE_IN_FRAMEWORK_HEADER = YES;
				CLANG_WARN_RANGE_LOOP_ANALYSIS = YES;
				CLANG_WARN_STRICT_PROTOTYPES = YES;
				CLANG_WARN_SUSPICIOUS_MOVE = YES;
				CLANG_WARN_UNGUARDED_AVAILABILITY = YES_AGGRESSIVE;
				CLANG_WARN_UNREACHABLE_CODE = YES;
				CLANG_WARN__DUPLICATE_METHOD_MATCH = YES;
				COPY_PHASE_STRIP = NO;
				DEBUG_INFORMATION_FORMAT = dwarf;
				ENABLE_STRICT_OBJC_MSGSEND = YES;
				ENABLE_TESTABILITY = YES;
				ENABLE_USER_SCRIPT_SANDBOXING = YES;
				GCC_C_LANGUAGE_STANDARD = gnu17;
				GCC_DYNAMIC_NO_PIC = NO;
				GCC_NO_COMMON_BLOCKS = YES;
				GCC_OPTIMIZATION_LEVEL = 0;
				GCC_PREPROCESSOR_DEFINITIONS = (
					"DEBUG=1",
					"$(inherited)",
				);
				GCC_WARN_64_TO_32_BIT_CONVERSION = YES;
				GCC_WARN_ABOUT_RETURN_TYPE = YES_ERROR;
				GCC_WARN_UNDECLARED_SELECTOR = YES;
				GCC_WARN_UNINITIALIZED_AUTOS = YES_AGGRESSIVE;
				GCC_WARN_UNUSED_FUNCTION = YES;
				GCC_WARN_UNUSED_VARIABLE = YES;
				LOCALIZATION_PREFERS_STRING_CATALOGS = YES;
				MACOSX_DEPLOYMENT_TARGET = 15.1;
				MTL_ENABLE_DEBUG_INFO = INCLUDE_SOURCE;
				MTL_FAST_MATH = YES;
				OBJROOT = "$(SYMROOT)intermediate";
				ONLY_ACTIVE_ARCH = YES;
				SDKROOT = macosx;
				SYMROOT = "$(PROJECT_DIR)/../bin/";
				VULKAN_SDK = "$(HOME)/VulkanSDK/1.3.290.0/macOS";
			};
			name = Debug;
		};
		ED5339E22CD7A11E00136B04 /* Release */ = {
			isa = XCBuildConfiguration;
			buildSettings = {
				ALWAYS_SEARCH_USER_PATHS = NO;
				ASSETCATALOG_COMPILER_GENERATE_SWIFT_ASSET_SYMBOL_EXTENSIONS = YES;
				CLANG_ANALYZER_NONNULL = YES;
				CLANG_ANALYZER_NUMBER_OBJECT_CONVERSION = YES_AGGRESSIVE;
				CLANG_CXX_LANGUAGE_STANDARD = "gnu++20";
				CLANG_ENABLE_MODULES = YES;
				CLANG_ENABLE_OBJC_ARC = YES;
				CLANG_ENABLE_OBJC_WEAK = YES;
				CLANG_WARN_BLOCK_CAPTURE_AUTORELEASING = YES;
				CLANG_WARN_BOOL_CONVERSION = YES;
				CLANG_WARN_COMMA = YES;
				CLANG_WARN_CONSTANT_CONVERSION = YES;
				CLANG_WARN_DEPRECATED_OBJC_IMPLEMENTATIONS = YES;
				CLANG_WARN_DIRECT_OBJC_ISA_USAGE = YES_ERROR;
				CLANG_WARN_DOCUMENTATION_COMMENTS = YES;
				CLANG_WARN_EMPTY_BODY = YES;
				CLANG_WARN_ENUM_CONVERSION = YES;
				CLANG_WARN_INFINITE_RECURSION = YES;
				CLANG_WARN_INT_CONVERSION = YES;
				CLANG_WARN_NON_LITERAL_NULL_CONVERSION = YES;
				CLANG_WARN_OBJC_IMPLICIT_RETAIN_SELF = YES;
				CLANG_WARN_OBJC_LITERAL_CONVERSION = YES;
				CLANG_WARN_OBJC_ROOT_CLASS = YES_ERROR;
				CLANG_WARN_QUOTED_INCLUDE_IN_FRAMEWORK_HEADER = YES;
				CLANG_WARN_RANGE_LOOP_ANALYSIS = YES;
				CLANG_WARN_STRICT_PROTOTYPES = YES;
				CLANG_WARN_SUSPICIOUS_MOVE = YES;
				CLANG_WARN_UNGUARDED_AVAILABILITY = YES_AGGRESSIVE;
				CLANG_WARN_UNREACHABLE_CODE = YES;
				CLANG_WARN__DUPLICATE_METHOD_MATCH = YES;
				COPY_PHASE_STRIP = NO;
				DEBUG_INFORMATION_FORMAT = "dwarf-with-dsym";
				ENABLE_NS_ASSERTIONS = NO;
				ENABLE_STRICT_OBJC_MSGSEND = YES;
				ENABLE_USER_SCRIPT_SANDBOXING = YES;
				GCC_C_LANGUAGE_STANDARD = gnu17;
				GCC_NO_COMMON_BLOCKS = YES;
				GCC_WARN_64_TO_32_BIT_CONVERSION = YES;
				GCC_WARN_ABOUT_RETURN_TYPE = YES_ERROR;
				GCC_WARN_UNDECLARED_SELECTOR = YES;
				GCC_WARN_UNINITIALIZED_AUTOS = YES_AGGRESSIVE;
				GCC_WARN_UNUSED_FUNCTION = YES;
				GCC_WARN_UNUSED_VARIABLE = YES;
				LOCALIZATION_PREFERS_STRING_CATALOGS = YES;
				MACOSX_DEPLOYMENT_TARGET = 15.1;
				MTL_ENABLE_DEBUG_INFO = NO;
				MTL_FAST_MATH = YES;
				OBJROOT = "$(SYMROOT)intermediate";
				SDKROOT = macosx;
				SYMROOT = "$(PROJECT_DIR)/../bin/";
				VULKAN_SDK = "$(HOME)/VulkanSDK/1.3.290.0/macOS";
			};
			name = Release;
		};
		ED5339E42CD7A11E00136B04 /* Debug */ = {
			isa = XCBuildConfiguration;
			buildSettings = {
				CODE_SIGN_STYLE = Automatic;
				DEPLOYMENT_LOCATION = NO;
				DEVELOPMENT_TEAM = RP926KEE5K;
				DYLIB_COMPATIBILITY_VERSION = 1;
				DYLIB_CURRENT_VERSION = 1;
				EXECUTABLE_PREFIX = lib;
				GCC_ENABLE_CPP_EXCEPTIONS = YES;
				GCC_ENABLE_CPP_RTTI = YES;
				GCC_SYMBOLS_PRIVATE_EXTERN = YES;
				HEADER_SEARCH_PATHS = (
					"$(PROJECT_DIR)/../include",
					"$(VULKAN_SDK)/include/SDL2",
					"$(VULKAN_SDK)/include/VMA",
					"$(VULKAN_SDK)/include",
				);
				INSTALL_PATH = "@executable_path/../Frameworks";
				LIBRARY_SEARCH_PATHS = (
					"$(inherited)",
					"$(PROJECT_DIR)/VulkanSDK",
					"$(PROJECT_DIR)/VulkanSDK/lib",
				);
				PRODUCT_NAME = "$(TARGET_NAME)";
				SKIP_INSTALL = YES;
			};
			name = Debug;
		};
		ED5339E52CD7A11E00136B04 /* Release */ = {
			isa = XCBuildConfiguration;
			buildSettings = {
				CODE_SIGN_STYLE = Automatic;
				DEPLOYMENT_LOCATION = NO;
				DEVELOPMENT_TEAM = RP926KEE5K;
				DYLIB_COMPATIBILITY_VERSION = 1;
				DYLIB_CURRENT_VERSION = 1;
				EXECUTABLE_PREFIX = lib;
				GCC_ENABLE_CPP_EXCEPTIONS = YES;
				GCC_ENABLE_CPP_RTTI = YES;
				GCC_SYMBOLS_PRIVATE_EXTERN = YES;
				HEADER_SEARCH_PATHS = (
					"$(PROJECT_DIR)/../include",
					"$(VULKAN_SDK)/include/SDL2",
					"$(VULKAN_SDK)/include/VMA",
					"$(VULKAN_SDK)/include",
				);
				INSTALL_PATH = "@executable_path/../Frameworks";
				LIBRARY_SEARCH_PATHS = (
					"$(inherited)",
					"$(PROJECT_DIR)/VulkanSDK",
					"$(PROJECT_DIR)/VulkanSDK/lib",
				);
				PRODUCT_NAME = "$(TARGET_NAME)";
				SKIP_INSTALL = YES;
			};
			name = Release;
		};
		ED5339FE2CD7A1EA00136B04 /* Debug */ = {
			isa = XCBuildConfiguration;
			buildSettings = {
				ASSETCATALOG_COMPILER_APPICON_NAME = AppIcon;
				ASSETCATALOG_COMPILER_GLOBAL_ACCENT_COLOR_NAME = AccentColor;
				CODE_SIGN_ENTITLEMENTS = "";
				"CODE_SIGN_IDENTITY[sdk=macosx*]" = "Apple Development";
				CODE_SIGN_STYLE = Automatic;
				COMBINE_HIDPI_IMAGES = YES;
				CURRENT_PROJECT_VERSION = 1;
				DEVELOPMENT_TEAM = RP926KEE5K;
				ENABLE_HARDENED_RUNTIME = YES;
				ENABLE_USER_SCRIPT_SANDBOXING = NO;
				GENERATE_INFOPLIST_FILE = YES;
				HEADER_SEARCH_PATHS = "$(PROJECT_DIR)/../include";
				INFOPLIST_KEY_NSHumanReadableCopyright = "";
				INFOPLIST_KEY_NSMainNibFile = MainMenu;
				INFOPLIST_KEY_NSPrincipalClass = NSApplication;
				LD_RUNPATH_SEARCH_PATHS = (
					"$(inherited)",
					"@executable_path/../Frameworks",
				);
				MARKETING_VERSION = 1.0;
				PRODUCT_BUNDLE_IDENTIFIER = "com.bg2engine.bg2e.example-app.example-app";
				PRODUCT_NAME = "$(TARGET_NAME)";
				SWIFT_EMIT_LOC_STRINGS = YES;
			};
			name = Debug;
		};
		ED5339FF2CD7A1EA00136B04 /* Release */ = {
			isa = XCBuildConfiguration;
			buildSettings = {
				ASSETCATALOG_COMPILER_APPICON_NAME = AppIcon;
				ASSETCATALOG_COMPILER_GLOBAL_ACCENT_COLOR_NAME = AccentColor;
				CODE_SIGN_ENTITLEMENTS = "";
				"CODE_SIGN_IDENTITY[sdk=macosx*]" = "Apple Development";
				CODE_SIGN_STYLE = Automatic;
				COMBINE_HIDPI_IMAGES = YES;
				CURRENT_PROJECT_VERSION = 1;
				DEVELOPMENT_TEAM = RP926KEE5K;
				ENABLE_HARDENED_RUNTIME = YES;
				ENABLE_USER_SCRIPT_SANDBOXING = NO;
				GENERATE_INFOPLIST_FILE = YES;
				HEADER_SEARCH_PATHS = "$(PROJECT_DIR)/../include";
				INFOPLIST_KEY_NSHumanReadableCopyright = "";
				INFOPLIST_KEY_NSMainNibFile = MainMenu;
				INFOPLIST_KEY_NSPrincipalClass = NSApplication;
				LD_RUNPATH_SEARCH_PATHS = (
					"$(inherited)",
					"@executable_path/../Frameworks",
				);
				MARKETING_VERSION = 1.0;
				PRODUCT_BUNDLE_IDENTIFIER = "com.bg2engine.bg2e.example-app.example-app";
				PRODUCT_NAME = "$(TARGET_NAME)";
				SWIFT_EMIT_LOC_STRINGS = YES;
			};
			name = Release;
		};
		EDD3571B2CD92300009C7507 /* Debug */ = {
			isa = XCBuildConfiguration;
			buildSettings = {
				CODE_SIGN_STYLE = Automatic;
				DEBUGGING_SYMBOLS = YES;
				DEBUG_INFORMATION_FORMAT = dwarf;
				DEVELOPMENT_TEAM = RP926KEE5K;
				GCC_GENERATE_DEBUGGING_SYMBOLS = YES;
				GCC_OPTIMIZATION_LEVEL = 0;
				OTHER_CFLAGS = "";
				OTHER_LDFLAGS = "";
				PRODUCT_NAME = "$(TARGET_NAME)";
			};
			name = Debug;
		};
		EDD3571C2CD92300009C7507 /* Release */ = {
			isa = XCBuildConfiguration;
			buildSettings = {
				CODE_SIGN_STYLE = Automatic;
				DEBUG_INFORMATION_FORMAT = "dwarf-with-dsym";
				DEVELOPMENT_TEAM = RP926KEE5K;
				OTHER_CFLAGS = "";
				OTHER_LDFLAGS = "";
				PRODUCT_NAME = "$(TARGET_NAME)";
			};
			name = Release;
		};
/* End XCBuildConfiguration section */

/* Begin XCConfigurationList section */
		ED5339D32CD7A11E00136B04 /* Build configuration list for PBXProject "bg2e" */ = {
			isa = XCConfigurationList;
			buildConfigurations = (
				ED5339E12CD7A11E00136B04 /* Debug */,
				ED5339E22CD7A11E00136B04 /* Release */,
			);
			defaultConfigurationIsVisible = 0;
			defaultConfigurationName = Release;
		};
		ED5339E32CD7A11E00136B04 /* Build configuration list for PBXNativeTarget "bg2e" */ = {
			isa = XCConfigurationList;
			buildConfigurations = (
				ED5339E42CD7A11E00136B04 /* Debug */,
				ED5339E52CD7A11E00136B04 /* Release */,
			);
			defaultConfigurationIsVisible = 0;
			defaultConfigurationName = Release;
		};
		ED5339FD2CD7A1EA00136B04 /* Build configuration list for PBXNativeTarget "example-app" */ = {
			isa = XCConfigurationList;
			buildConfigurations = (
				ED5339FE2CD7A1EA00136B04 /* Debug */,
				ED5339FF2CD7A1EA00136B04 /* Release */,
			);
			defaultConfigurationIsVisible = 0;
			defaultConfigurationName = Release;
		};
		EDD3571A2CD92300009C7507 /* Build configuration list for PBXLegacyTarget "Copy Vulkan libraries" */ = {
			isa = XCConfigurationList;
			buildConfigurations = (
				EDD3571B2CD92300009C7507 /* Debug */,
				EDD3571C2CD92300009C7507 /* Release */,
			);
			defaultConfigurationIsVisible = 0;
			defaultConfigurationName = Release;
		};
/* End XCConfigurationList section */
	};
	rootObject = ED5339D02CD7A11E00136B04 /* Project object */;
}
