// !$*UTF8*$!
{
	archiveVersion = 1;
	classes = {
	};
	objectVersion = 77;
	objects = {

/* Begin PBXBuildFile section */
		EDD77E532CEA60F800278155 /* main.cpp in Sources */ = {isa = PBXBuildFile; fileRef = EDD77E512CEA60F800278155 /* main.cpp */; };
		EDD77E612CEA64E600278155 /* CoreFoundation.framework in Frameworks */ = {isa = PBXBuildFile; fileRef = EDD77E602CEA64E600278155 /* CoreFoundation.framework */; };
/* End PBXBuildFile section */

/* Begin PBXCopyFilesBuildPhase section */
		ED0B6D682DD78E0B00CCB2EC /* Copy bg2e shaders */ = {
			isa = PBXCopyFilesBuildPhase;
			buildActionMask = 2147483647;
			dstPath = shaders;
			dstSubfolderSpec = 7;
			files = (
			);
			name = "Copy bg2e shaders";
			runOnlyForDeploymentPostprocessing = 0;
		};
		ED7DE86A2CFCCEF300AB280D /* Copy Assets */ = {
			isa = PBXCopyFilesBuildPhase;
			buildActionMask = 2147483647;
			dstPath = assets;
			dstSubfolderSpec = 7;
			files = (
			);
			name = "Copy Assets";
			runOnlyForDeploymentPostprocessing = 0;
		};
/* End PBXCopyFilesBuildPhase section */

/* Begin PBXFileReference section */
		EDD77E3D2CEA600200278155 /* model_edit.app */ = {isa = PBXFileReference; explicitFileType = wrapper.application; includeInIndex = 0; path = model_edit.app; sourceTree = BUILT_PRODUCTS_DIR; };
		EDD77E512CEA60F800278155 /* main.cpp */ = {isa = PBXFileReference; lastKnownFileType = sourcecode.cpp.cpp; path = main.cpp; sourceTree = "<group>"; };
		EDD77E552CEA61BD00278155 /* Setup.entitlements */ = {isa = PBXFileReference; lastKnownFileType = text.plist.entitlements; path = Setup.entitlements; sourceTree = "<group>"; };
		EDD77E602CEA64E600278155 /* CoreFoundation.framework */ = {isa = PBXFileReference; lastKnownFileType = wrapper.framework; name = CoreFoundation.framework; path = System/Library/Frameworks/CoreFoundation.framework; sourceTree = SDKROOT; };
		EDD77E772CEA7E9D00278155 /* texture_gi.frag.glsl */ = {isa = PBXFileReference; lastKnownFileType = text; path = texture_gi.frag.glsl; sourceTree = "<group>"; };
		EDD77E782CEA7E9D00278155 /* texture_gi.vert.glsl */ = {isa = PBXFileReference; lastKnownFileType = text; path = texture_gi.vert.glsl; sourceTree = "<group>"; };
/* End PBXFileReference section */

/* Begin PBXFileSystemSynchronizedBuildFileExceptionSet section */
		ED83987F2DF5DAF5003F4F14 /* Exceptions for "bin" folder in "model_edit" target */ = {
			isa = PBXFileSystemSynchronizedBuildFileExceptionSet;
			membershipExceptions = (
				"Release/libbg2e-native.a",
			);
			target = EDD77E3C2CEA600200278155 /* model_edit */;
		};
/* End PBXFileSystemSynchronizedBuildFileExceptionSet section */

/* Begin PBXFileSystemSynchronizedGroupBuildPhaseMembershipExceptionSet section */
		ED5A58F22DF484590078BB45 /* Exceptions for "spv" folder in "Copy bg2e shaders" phase from "model_edit" target */ = {
			isa = PBXFileSystemSynchronizedGroupBuildPhaseMembershipExceptionSet;
			buildPhase = ED0B6D682DD78E0B00CCB2EC /* Copy bg2e shaders */;
			membershipExceptions = (
				basic_forward.frag.spv,
				basic_forward.vert.spv,
				brdf_lut.comp.spv,
				color_attachment_canvas.vert.spv,
				color_correction.comp.spv,
				cubemap_renderer.vert.spv,
				irradiance_map_renderer.frag.spv,
				skybox_renderer_metal.frag.spv,
				skybox_renderer.frag.spv,
				skybox_renderer.vert.spv,
				specular_reflection_renderer.frag.spv,
				sphere_to_cubemap.frag.spv,
				sphere_to_cubemap.vert.spv,
			);
		};
		ED9D98C32E13042C0096E466 /* Exceptions for "assets" folder in "Copy Assets" phase from "model_edit" target */ = {
			isa = PBXFileSystemSynchronizedGroupBuildPhaseMembershipExceptionSet;
			buildPhase = ED7DE86A2CFCCEF300AB280D /* Copy Assets */;
			membershipExceptions = (
				ao.jpg,
				armchair.bg2,
				autumn_field_4k.hdr,
				Copyright.txt,
				country_field_sun.jpg,
				"equirectangular-env.jpg",
				"equirectangular-env2.jpg",
				"equirectangular-env3.jpg",
				"equirectangular-env4.jpg",
				"equirectangular-env5.jpg",
				"equirectangular-env6.jpg",
				"equirectangular-env7.jpg",
				gothic_manor_01_4k.hdr,
				logo_2a.png,
				mirrored_hall_4k.hdr,
				normal_test.jpeg,
				rust_metal_albedo.jpg,
				rust_metal_metallic.jpg,
				rust_metal_normal.jpg,
				rust_metal_roughness.jpg,
				simple_cube.mtl,
				simple_cube.obj,
				taza_albedo.png,
				taza_metallic.png,
				taza_normal.png,
				taza_roughness.png,
				taza.mtl,
				taza.obj,
				theater_01_4k.hdr,
				two_submeshes_inner_albedo.jpg,
				two_submeshes_inner_ao.jpg,
				two_submeshes_inner_metallic.jpg,
				two_submeshes_inner_normal.jpg,
				two_submeshes_inner_roughness.jpg,
				two_submeshes_outer_albedo.jpg,
				two_submeshes_outer_ao.jpg,
				two_submeshes_outer_metallic.jpg,
				two_submeshes_outer_normal.jpg,
				two_submeshes_outer_roughness.jpg,
				two_submeshes.mtl,
				two_submeshes.obj,
				velvet_3.jpg,
				velvet_nm.jpg,
			);
		};
/* End PBXFileSystemSynchronizedGroupBuildPhaseMembershipExceptionSet section */

/* Begin PBXFileSystemSynchronizedRootGroup section */
		ED5A58E72DF4844F0078BB45 /* spv */ = {
			isa = PBXFileSystemSynchronizedRootGroup;
			exceptions = (
				ED5A58F22DF484590078BB45 /* Exceptions for "spv" folder in "Copy bg2e shaders" phase from "model_edit" target */,
			);
			name = spv;
			path = "/Users/fernando/desarrollo/bg2e-native/shaders/spv";
			sourceTree = "<absolute>";
		};
		ED6570922DF57B6D0078FE8D /* scripts */ = {
			isa = PBXFileSystemSynchronizedRootGroup;
			name = scripts;
			path = ../../scripts;
			sourceTree = SOURCE_ROOT;
		};
		ED76DD862DF5CE6100D93ACF /* bin */ = {
			isa = PBXFileSystemSynchronizedRootGroup;
			exceptions = (
				ED83987F2DF5DAF5003F4F14 /* Exceptions for "bin" folder in "model_edit" target */,
			);
			name = bin;
			path = ../../bin;
			sourceTree = SOURCE_ROOT;
		};
		ED9D989B2E1304140096E466 /* assets */ = {
			isa = PBXFileSystemSynchronizedRootGroup;
			exceptions = (
				ED9D98C32E13042C0096E466 /* Exceptions for "assets" folder in "Copy Assets" phase from "model_edit" target */,
			);
			name = assets;
			path = "/Users/fernando/desarrollo/bg2e-native/assets";
			sourceTree = "<absolute>";
		};
/* End PBXFileSystemSynchronizedRootGroup section */

/* Begin PBXFrameworksBuildPhase section */
		EDD77E3A2CEA600200278155 /* Frameworks */ = {
			isa = PBXFrameworksBuildPhase;
			buildActionMask = 2147483647;
			files = (
				EDD77E612CEA64E600278155 /* CoreFoundation.framework in Frameworks */,
			);
			runOnlyForDeploymentPostprocessing = 0;
		};
/* End PBXFrameworksBuildPhase section */

/* Begin PBXGroup section */
		EDD77E342CEA600200278155 = {
			isa = PBXGroup;
			children = (
				ED6570922DF57B6D0078FE8D /* scripts */,
				EDD77E562CEA61BD00278155 /* Xcode Resources */,
				EDD77E3E2CEA600200278155 /* Products */,
				EDD77E522CEA60F800278155 /* src */,
				EDD77E5E2CEA64D800278155 /* Frameworks */,
				EDD77E742CEA683600278155 /* shaders */,
				ED5A58E72DF4844F0078BB45 /* spv */,
				ED76DD862DF5CE6100D93ACF /* bin */,
				ED9D989B2E1304140096E466 /* assets */,
			);
			sourceTree = "<group>";
		};
		EDD77E3E2CEA600200278155 /* Products */ = {
			isa = PBXGroup;
			children = (
				EDD77E3D2CEA600200278155 /* model_edit.app */,
			);
			name = Products;
			sourceTree = "<group>";
		};
		EDD77E522CEA60F800278155 /* src */ = {
			isa = PBXGroup;
			children = (
				EDD77E512CEA60F800278155 /* main.cpp */,
			);
			path = src;
			sourceTree = "<group>";
		};
		EDD77E562CEA61BD00278155 /* Xcode Resources */ = {
			isa = PBXGroup;
			children = (
				EDD77E552CEA61BD00278155 /* Setup.entitlements */,
			);
			path = "Xcode Resources";
			sourceTree = "<group>";
		};
		EDD77E5E2CEA64D800278155 /* Frameworks */ = {
			isa = PBXGroup;
			children = (
				EDD77E602CEA64E600278155 /* CoreFoundation.framework */,
			);
			name = Frameworks;
			sourceTree = "<group>";
		};
		EDD77E742CEA683600278155 /* shaders */ = {
			isa = PBXGroup;
			children = (
				EDD77E792CEA7E9D00278155 /* src */,
			);
			path = shaders;
			sourceTree = "<group>";
		};
		EDD77E792CEA7E9D00278155 /* src */ = {
			isa = PBXGroup;
			children = (
				EDD77E772CEA7E9D00278155 /* texture_gi.frag.glsl */,
				EDD77E782CEA7E9D00278155 /* texture_gi.vert.glsl */,
			);
			path = src;
			sourceTree = "<group>";
		};
/* End PBXGroup section */

/* Begin PBXNativeTarget section */
		EDD77E3C2CEA600200278155 /* model_edit */ = {
			isa = PBXNativeTarget;
			buildConfigurationList = EDD77E4D2CEA600300278155 /* Build configuration list for PBXNativeTarget "model_edit" */;
			buildPhases = (
				EDD77E392CEA600200278155 /* Sources */,
				EDD77E3A2CEA600200278155 /* Frameworks */,
				EDD77E3B2CEA600200278155 /* Resources */,
				EDD77E712CEA67F300278155 /* Compile shaders */,
				ED7DE86A2CFCCEF300AB280D /* Copy Assets */,
				ED0B6D682DD78E0B00CCB2EC /* Copy bg2e shaders */,
				ED65708F2DF57B3B0078FE8D /* Package Vulkan resources */,
			);
			buildRules = (
			);
			dependencies = (
			);
			name = model_edit;
			packageProductDependencies = (
			);
			productName = Setup;
			productReference = EDD77E3D2CEA600200278155 /* model_edit.app */;
			productType = "com.apple.product-type.application";
		};
/* End PBXNativeTarget section */

/* Begin PBXProject section */
		EDD77E352CEA600200278155 /* Project object */ = {
			isa = PBXProject;
			attributes = {
				BuildIndependentTargetsInParallel = 1;
				LastUpgradeCheck = 1610;
				TargetAttributes = {
					EDD77E3C2CEA600200278155 = {
						CreatedOnToolsVersion = 16.1;
					};
				};
			};
			buildConfigurationList = EDD77E382CEA600200278155 /* Build configuration list for PBXProject "model_edit" */;
			developmentRegion = en;
			hasScannedForEncodings = 0;
			knownRegions = (
				en,
				Base,
			);
			mainGroup = EDD77E342CEA600200278155;
			minimizedProjectReferenceProxies = 1;
			preferredProjectObjectVersion = 77;
			productRefGroup = EDD77E3E2CEA600200278155 /* Products */;
			projectDirPath = "";
			projectRoot = "";
			targets = (
				EDD77E3C2CEA600200278155 /* model_edit */,
			);
		};
/* End PBXProject section */

/* Begin PBXResourcesBuildPhase section */
		EDD77E3B2CEA600200278155 /* Resources */ = {
			isa = PBXResourcesBuildPhase;
			buildActionMask = 2147483647;
			files = (
			);
			runOnlyForDeploymentPostprocessing = 0;
		};
/* End PBXResourcesBuildPhase section */

/* Begin PBXShellScriptBuildPhase section */
		ED65708F2DF57B3B0078FE8D /* Package Vulkan resources */ = {
			isa = PBXShellScriptBuildPhase;
			buildActionMask = 2147483647;
			files = (
			);
			inputFileListPaths = (
			);
			inputPaths = (
			);
			name = "Package Vulkan resources";
			outputFileListPaths = (
			);
			outputPaths = (
			);
			runOnlyForDeploymentPostprocessing = 0;
			shellPath = /bin/sh;
			shellScript = "\nAPP_BUNDLE=${BUILT_PRODUCTS_DIR}/${PRODUCT_NAME}.app\n\"${PROJECT_DIR}/../../scripts/package_vulkan_resources.sh\" \"${APP_BUNDLE}\" ${CODE_SIGN_IDENTITY}\ncodesign --deep --force --sign \"${CODE_SIGN_IDENTITY}\" \"${APP_BUNDLE}\"\n\n";
		};
		EDD77E712CEA67F300278155 /* Compile shaders */ = {
			isa = PBXShellScriptBuildPhase;
			alwaysOutOfDate = 1;
			buildActionMask = 2147483647;
			files = (
			);
			inputFileListPaths = (
			);
			inputPaths = (
			);
			name = "Compile shaders";
			outputFileListPaths = (
			);
			outputPaths = (
			);
			runOnlyForDeploymentPostprocessing = 0;
			shellPath = /bin/sh;
			shellScript = "INPUT_DIR=${PROJECT_DIR}/shaders/src\nOUTPUT_DIR=${BUILT_PRODUCTS_DIR}/${UNLOCALIZED_RESOURCES_FOLDER_PATH}/shaders/test\n\n\"${PROJECT_DIR}/../../shaders/build.sh\" \"${INPUT_DIR}\" \"${OUTPUT_DIR}\"\n";
			showEnvVarsInLog = 0;
		};
/* End PBXShellScriptBuildPhase section */

/* Begin PBXSourcesBuildPhase section */
		EDD77E392CEA600200278155 /* Sources */ = {
			isa = PBXSourcesBuildPhase;
			buildActionMask = 2147483647;
			files = (
				EDD77E532CEA60F800278155 /* main.cpp in Sources */,
			);
			runOnlyForDeploymentPostprocessing = 0;
		};
/* End PBXSourcesBuildPhase section */

/* Begin XCBuildConfiguration section */
		EDD77E4B2CEA600300278155 /* Debug */ = {
			isa = XCBuildConfiguration;
			buildSettings = {
				ALWAYS_SEARCH_USER_PATHS = NO;
				ASSETCATALOG_COMPILER_GENERATE_SWIFT_ASSET_SYMBOL_EXTENSIONS = YES;
				CLANG_ANALYZER_NONNULL = YES;
				CLANG_ANALYZER_NUMBER_OBJECT_CONVERSION = YES_AGGRESSIVE;
				CLANG_CXX_LANGUAGE_STANDARD = "gnu++20";
				CLANG_ENABLE_MODULES = YES;
				CLANG_ENABLE_OBJC_ARC = YES;
				CLANG_ENABLE_OBJC_WEAK = YES;
				CLANG_WARN_BLOCK_CAPTURE_AUTORELEASING = YES;
				CLANG_WARN_BOOL_CONVERSION = YES;
				CLANG_WARN_COMMA = YES;
				CLANG_WARN_CONSTANT_CONVERSION = YES;
				CLANG_WARN_DEPRECATED_OBJC_IMPLEMENTATIONS = YES;
				CLANG_WARN_DIRECT_OBJC_ISA_USAGE = YES_ERROR;
				CLANG_WARN_DOCUMENTATION_COMMENTS = YES;
				CLANG_WARN_EMPTY_BODY = YES;
				CLANG_WARN_ENUM_CONVERSION = YES;
				CLANG_WARN_INFINITE_RECURSION = YES;
				CLANG_WARN_INT_CONVERSION = YES;
				CLANG_WARN_NON_LITERAL_NULL_CONVERSION = YES;
				CLANG_WARN_OBJC_IMPLICIT_RETAIN_SELF = YES;
				CLANG_WARN_OBJC_LITERAL_CONVERSION = YES;
				CLANG_WARN_OBJC_ROOT_CLASS = YES_ERROR;
				CLANG_WARN_QUOTED_INCLUDE_IN_FRAMEWORK_HEADER = YES;
				CLANG_WARN_RANGE_LOOP_ANALYSIS = YES;
				CLANG_WARN_STRICT_PROTOTYPES = YES;
				CLANG_WARN_SUSPICIOUS_MOVE = YES;
				CLANG_WARN_UNGUARDED_AVAILABILITY = YES_AGGRESSIVE;
				CLANG_WARN_UNREACHABLE_CODE = YES;
				CLANG_WARN__DUPLICATE_METHOD_MATCH = YES;
				COPY_PHASE_STRIP = NO;
				DEBUG_INFORMATION_FORMAT = dwarf;
				ENABLE_STRICT_OBJC_MSGSEND = YES;
				ENABLE_TESTABILITY = YES;
				ENABLE_USER_SCRIPT_SANDBOXING = YES;
				GCC_C_LANGUAGE_STANDARD = gnu17;
				GCC_DYNAMIC_NO_PIC = NO;
				GCC_NO_COMMON_BLOCKS = YES;
				GCC_OPTIMIZATION_LEVEL = 0;
				GCC_PREPROCESSOR_DEFINITIONS = (
					"DEBUG=1",
					"$(inherited)",
				);
				GCC_WARN_64_TO_32_BIT_CONVERSION = YES;
				GCC_WARN_ABOUT_RETURN_TYPE = YES_ERROR;
				GCC_WARN_UNDECLARED_SELECTOR = YES;
				GCC_WARN_UNINITIALIZED_AUTOS = YES_AGGRESSIVE;
				GCC_WARN_UNUSED_FUNCTION = YES;
				GCC_WARN_UNUSED_VARIABLE = YES;
				HEADER_SEARCH_PATHS = (
					"$(PROJECT_DIR)/../../include",
					"$(VULKAN_SDK)/include/**",
				);
				LIBRARY_SEARCH_PATHS = (
					"$(PROJECT_DIR)/../../bin/**",
					"$(VULKAN_SDK)/lib",
				);
				LOCALIZATION_PREFERS_STRING_CATALOGS = YES;
				MACOSX_DEPLOYMENT_TARGET = 15.1;
				MTL_ENABLE_DEBUG_INFO = INCLUDE_SOURCE;
				MTL_FAST_MATH = YES;
				ONLY_ACTIVE_ARCH = YES;
				SDKROOT = macosx;
				VULKAN_LIB_VERSION = 1.4.313;
				VULKAN_SDK = "$(HOME)/VulkanSDK/1.4.313.1/macOS";
			};
			name = Debug;
		};
		EDD77E4C2CEA600300278155 /* Release */ = {
			isa = XCBuildConfiguration;
			buildSettings = {
				ALWAYS_SEARCH_USER_PATHS = NO;
				ASSETCATALOG_COMPILER_GENERATE_SWIFT_ASSET_SYMBOL_EXTENSIONS = YES;
				CLANG_ANALYZER_NONNULL = YES;
				CLANG_ANALYZER_NUMBER_OBJECT_CONVERSION = YES_AGGRESSIVE;
				CLANG_CXX_LANGUAGE_STANDARD = "gnu++20";
				CLANG_ENABLE_MODULES = YES;
				CLANG_ENABLE_OBJC_ARC = YES;
				CLANG_ENABLE_OBJC_WEAK = YES;
				CLANG_WARN_BLOCK_CAPTURE_AUTORELEASING = YES;
				CLANG_WARN_BOOL_CONVERSION = YES;
				CLANG_WARN_COMMA = YES;
				CLANG_WARN_CONSTANT_CONVERSION = YES;
				CLANG_WARN_DEPRECATED_OBJC_IMPLEMENTATIONS = YES;
				CLANG_WARN_DIRECT_OBJC_ISA_USAGE = YES_ERROR;
				CLANG_WARN_DOCUMENTATION_COMMENTS = YES;
				CLANG_WARN_EMPTY_BODY = YES;
				CLANG_WARN_ENUM_CONVERSION = YES;
				CLANG_WARN_INFINITE_RECURSION = YES;
				CLANG_WARN_INT_CONVERSION = YES;
				CLANG_WARN_NON_LITERAL_NULL_CONVERSION = YES;
				CLANG_WARN_OBJC_IMPLICIT_RETAIN_SELF = YES;
				CLANG_WARN_OBJC_LITERAL_CONVERSION = YES;
				CLANG_WARN_OBJC_ROOT_CLASS = YES_ERROR;
				CLANG_WARN_QUOTED_INCLUDE_IN_FRAMEWORK_HEADER = YES;
				CLANG_WARN_RANGE_LOOP_ANALYSIS = YES;
				CLANG_WARN_STRICT_PROTOTYPES = YES;
				CLANG_WARN_SUSPICIOUS_MOVE = YES;
				CLANG_WARN_UNGUARDED_AVAILABILITY = YES_AGGRESSIVE;
				CLANG_WARN_UNREACHABLE_CODE = YES;
				CLANG_WARN__DUPLICATE_METHOD_MATCH = YES;
				COPY_PHASE_STRIP = NO;
				DEBUG_INFORMATION_FORMAT = "dwarf-with-dsym";
				ENABLE_NS_ASSERTIONS = NO;
				ENABLE_STRICT_OBJC_MSGSEND = YES;
				ENABLE_USER_SCRIPT_SANDBOXING = YES;
				GCC_C_LANGUAGE_STANDARD = gnu17;
				GCC_NO_COMMON_BLOCKS = YES;
				GCC_WARN_64_TO_32_BIT_CONVERSION = YES;
				GCC_WARN_ABOUT_RETURN_TYPE = YES_ERROR;
				GCC_WARN_UNDECLARED_SELECTOR = YES;
				GCC_WARN_UNINITIALIZED_AUTOS = YES_AGGRESSIVE;
				GCC_WARN_UNUSED_FUNCTION = YES;
				GCC_WARN_UNUSED_VARIABLE = YES;
				HEADER_SEARCH_PATHS = (
					"$(PROJECT_DIR)/../../include",
					"$(VULKAN_SDK)/include/**",
				);
				LIBRARY_SEARCH_PATHS = (
					"$(PROJECT_DIR)/../../bin/**",
					"$(VULKAN_SDK)/lib",
				);
				LOCALIZATION_PREFERS_STRING_CATALOGS = YES;
				MACOSX_DEPLOYMENT_TARGET = 15.1;
				MTL_ENABLE_DEBUG_INFO = NO;
				MTL_FAST_MATH = YES;
				SDKROOT = macosx;
				VULKAN_LIB_VERSION = 1.4.313;
				VULKAN_SDK = "$(HOME)/VulkanSDK/1.4.313.1/macOS";
			};
			name = Release;
		};
		EDD77E4E2CEA600300278155 /* Debug */ = {
			isa = XCBuildConfiguration;
			buildSettings = {
				ASSETCATALOG_COMPILER_APPICON_NAME = AppIcon;
				ASSETCATALOG_COMPILER_GLOBAL_ACCENT_COLOR_NAME = AccentColor;
				CODE_SIGN_ENTITLEMENTS = "Xcode Resources/Setup.entitlements";
				CODE_SIGN_IDENTITY = "Apple Development";
				"CODE_SIGN_IDENTITY[sdk=macosx*]" = "-";
				CODE_SIGN_STYLE = Automatic;
				COMBINE_HIDPI_IMAGES = YES;
				CURRENT_PROJECT_VERSION = 1;
				DEVELOPMENT_TEAM = RP926KEE5K;
				ENABLE_HARDENED_RUNTIME = YES;
				ENABLE_USER_SCRIPT_SANDBOXING = NO;
				GENERATE_INFOPLIST_FILE = YES;
				HEADER_SEARCH_PATHS = (
					"$(VULKAN_SDK)/include/**",
					"$(PROJECT_DIR)/../../include",
				);
				INFOPLIST_KEY_NSHumanReadableCopyright = "";
				INFOPLIST_KEY_NSMainNibFile = MainMenu;
				INFOPLIST_KEY_NSPrincipalClass = NSApplication;
				LD_RUNPATH_SEARCH_PATHS = (
					"$(inherited)",
					"@executable_path/../Frameworks",
				);
				LIBRARY_SEARCH_PATHS = (
					"$(PROJECT_DIR)/../../bin/Debug",
					"$(VULKAN_SDK)/lib",
				);
				MARKETING_VERSION = 1.0;
				NEW_SETTING = "";
				OTHER_LDFLAGS = (
					"-lSDL2-2.0.0",
					"-lvulkan.$(VULKAN_LIB_VERSION)",
				);
				PRODUCT_BUNDLE_IDENTIFIER = "com.bg2engine.bg2e.example-app.Setup";
				PRODUCT_NAME = "$(TARGET_NAME)";
				PROVISIONING_PROFILE_SPECIFIER = "";
				SWIFT_EMIT_LOC_STRINGS = YES;
				SYMROOT = "$(PROJECT_DIR)/../../bin/examples/";
				VULKAN_LIB_VERSION = 1.4.313;
				VULKAN_SDK = "$(HOME)/VulkanSDK/1.4.313.1/macOS";
			};
			name = Debug;
		};
		EDD77E4F2CEA600300278155 /* Release */ = {
			isa = XCBuildConfiguration;
			buildSettings = {
				ASSETCATALOG_COMPILER_APPICON_NAME = AppIcon;
				ASSETCATALOG_COMPILER_GLOBAL_ACCENT_COLOR_NAME = AccentColor;
				CODE_SIGN_ENTITLEMENTS = "Xcode Resources/Setup.entitlements";
				CODE_SIGN_IDENTITY = "Apple Development";
				"CODE_SIGN_IDENTITY[sdk=macosx*]" = "-";
				CODE_SIGN_STYLE = Automatic;
				COMBINE_HIDPI_IMAGES = YES;
				CURRENT_PROJECT_VERSION = 1;
				DEVELOPMENT_TEAM = RP926KEE5K;
				ENABLE_HARDENED_RUNTIME = YES;
				ENABLE_USER_SCRIPT_SANDBOXING = NO;
				GENERATE_INFOPLIST_FILE = YES;
				HEADER_SEARCH_PATHS = (
					"$(VULKAN_SDK)/include/**",
					"$(PROJECT_DIR)/../../include",
				);
				INFOPLIST_KEY_NSHumanReadableCopyright = "";
				INFOPLIST_KEY_NSMainNibFile = MainMenu;
				INFOPLIST_KEY_NSPrincipalClass = NSApplication;
				LD_RUNPATH_SEARCH_PATHS = (
					"$(inherited)",
					"@executable_path/../Frameworks",
				);
				LIBRARY_SEARCH_PATHS = (
					"$(PROJECT_DIR)/../../bin/Release",
					"$(VULKAN_SDK)/lib",
				);
				MARKETING_VERSION = 1.0;
				NEW_SETTING = "";
				OTHER_LDFLAGS = (
					"-lSDL2-2.0.0",
					"-lvulkan.$(VULKAN_LIB_VERSION)",
				);
				PRODUCT_BUNDLE_IDENTIFIER = "com.bg2engine.bg2e.example-app.Setup";
				PRODUCT_NAME = "$(TARGET_NAME)";
				PROVISIONING_PROFILE_SPECIFIER = "";
				SWIFT_EMIT_LOC_STRINGS = YES;
				SYMROOT = "$(PROJECT_DIR)/../../bin/examples/";
				VULKAN_LIB_VERSION = 1.4.313;
				VULKAN_SDK = "$(HOME)/VulkanSDK/1.4.313.1/macOS";
			};
			name = Release;
		};
/* End XCBuildConfiguration section */

/* Begin XCConfigurationList section */
		EDD77E382CEA600200278155 /* Build configuration list for PBXProject "model_edit" */ = {
			isa = XCConfigurationList;
			buildConfigurations = (
				EDD77E4B2CEA600300278155 /* Debug */,
				EDD77E4C2CEA600300278155 /* Release */,
			);
			defaultConfigurationIsVisible = 0;
			defaultConfigurationName = Release;
		};
		EDD77E4D2CEA600300278155 /* Build configuration list for PBXNativeTarget "model_edit" */ = {
			isa = XCConfigurationList;
			buildConfigurations = (
				EDD77E4E2CEA600300278155 /* Debug */,
				EDD77E4F2CEA600300278155 /* Release */,
			);
			defaultConfigurationIsVisible = 0;
			defaultConfigurationName = Release;
		};
/* End XCConfigurationList section */
	};
	rootObject = EDD77E352CEA600200278155 /* Project object */;
}
